
Microsoft Visual Studio Solution File, Format Version 12.00
# Visual Studio Version 16
VisualStudioVersion = 16.0.29519.87
MinimumVisualStudioVersion = 10.0.40219.1
Project("{2150E333-8FDC-42A3-9474-1A3956D46DE8}") = "Deployment", "Deployment", "{2D001517-CE8E-4902-8C0A-0EA13C134830}"
EndProject
Project("{2150E333-8FDC-42A3-9474-1A3956D46DE8}") = "CommonConcepts", "CommonConcepts", "{2212BF93-7EC1-447E-BF78-8C845E257E88}"
EndProject
Project("{2150E333-8FDC-42A3-9474-1A3956D46DE8}") = "Server", "Server", "{E6D8EA3D-AF0C-412E-B8C5-BDED68BD5700}"
EndProject
Project("{2150E333-8FDC-42A3-9474-1A3956D46DE8}") = "Core", "Core", "{0124322E-2731-48E8-910C-957E37181628}"
EndProject
Project("{FAE04EC0-301F-11D3-BF4B-00C04F79EFBC}") = "Rhetos.Utilities", "Source\Rhetos.Utilities\Rhetos.Utilities.csproj", "{71E63722-57BC-41DF-9FF5-57ECC67E4BC1}"
EndProject
Project("{9A19103F-16F7-4668-BE54-9A1E7A4F7556}") = "Rhetos.Extensibility", "Source\Rhetos.Extensibility\Rhetos.Extensibility.csproj", "{7EAF15BD-39C9-44AB-8834-EC0AE013A8A2}"
EndProject
Project("{9A19103F-16F7-4668-BE54-9A1E7A4F7556}") = "Rhetos.Dsl", "Source\Rhetos.Dsl\Rhetos.Dsl.csproj", "{AA08ECFA-2AD6-4B0C-86B9-C5D8754A2073}"
EndProject
Project("{9A19103F-16F7-4668-BE54-9A1E7A4F7556}") = "Rhetos.DatabaseGenerator", "Source\Rhetos.DatabaseGenerator\Rhetos.DatabaseGenerator.csproj", "{237EA20F-0BD0-45A7-BE7A-8A43E58306A2}"
EndProject
Project("{9A19103F-16F7-4668-BE54-9A1E7A4F7556}") = "Rhetos.DatabaseGenerator.Interfaces", "Source\Rhetos.DatabaseGenerator.Interfaces\Rhetos.DatabaseGenerator.Interfaces.csproj", "{CA29D948-78B1-42D9-8E24-D2811E355F5A}"
EndProject
Project("{9A19103F-16F7-4668-BE54-9A1E7A4F7556}") = "Rhetos.Dsl.Interfaces", "Source\Rhetos.Dsl.Interfaces\Rhetos.Dsl.Interfaces.csproj", "{F4ACD412-2782-4191-8708-C7AE99B0CEE9}"
EndProject
Project("{FAE04EC0-301F-11D3-BF4B-00C04F79EFBC}") = "Rhetos.Utilities.Test", "Source\Rhetos.Utilities.Test\Rhetos.Utilities.Test.csproj", "{48196125-9AE3-40E5-8E0D-431B85083B7D}"
EndProject
Project("{FAE04EC0-301F-11D3-BF4B-00C04F79EFBC}") = "Rhetos.DatabaseGenerator.Test", "Source\Rhetos.DatabaseGenerator.Test\Rhetos.DatabaseGenerator.Test.csproj", "{3FC4E5BB-F6A8-4E74-9B22-0181F003551B}"
EndProject
Project("{FAE04EC0-301F-11D3-BF4B-00C04F79EFBC}") = "Rhetos.Dsl.Test", "Source\Rhetos.Dsl.Test\Rhetos.Dsl.Test.csproj", "{F54C8A50-8AB5-4F7E-A255-D6645A457E02}"
EndProject
Project("{FAE04EC0-301F-11D3-BF4B-00C04F79EFBC}") = "Rhetos.Persistence.Interfaces", "Source\Rhetos.Persistence.Interfaces\Rhetos.Persistence.Interfaces.csproj", "{5E3BBD83-91CB-4FBA-81B2-79A81EC94D70}"
EndProject
Project("{FAE04EC0-301F-11D3-BF4B-00C04F79EFBC}") = "Rhetos.Processing", "Source\Rhetos.Processing\Rhetos.Processing.csproj", "{EB4237C4-3D83-4632-B8C9-AC08C886720A}"
EndProject
Project("{FAE04EC0-301F-11D3-BF4B-00C04F79EFBC}") = "Rhetos.Processing.Interfaces", "Source\Rhetos.Processing.Interfaces\Rhetos.Processing.Interfaces.csproj", "{4D2FCD7F-D9BB-4E55-B9C6-FDF352F6DCF3}"
EndProject
Project("{9A19103F-16F7-4668-BE54-9A1E7A4F7556}") = "Rhetos.Compiler", "Source\Rhetos.Compiler\Rhetos.Compiler.csproj", "{C0DC3D80-A1FE-46FA-8B97-5B80962687FB}"
EndProject
Project("{9A19103F-16F7-4668-BE54-9A1E7A4F7556}") = "Rhetos.Compiler.Interfaces", "Source\Rhetos.Compiler.Interfaces\Rhetos.Compiler.Interfaces.csproj", "{FCAD7F9A-4C31-4D5A-8699-C291AE09D006}"
EndProject
Project("{9A19103F-16F7-4668-BE54-9A1E7A4F7556}") = "Rhetos.Extensibility.Interfaces", "Source\Rhetos.Extensibility.Interfaces\Rhetos.Extensibility.Interfaces.csproj", "{DDC73F5F-BB0E-4944-92CC-4AC937398499}"
EndProject
Project("{FAE04EC0-301F-11D3-BF4B-00C04F79EFBC}") = "Rhetos.XmlSerialization", "Source\Rhetos.XmlSerialization\Rhetos.XmlSerialization.csproj", "{726CA0FB-70E7-44F3-9FCA-E703598BFC7E}"
EndProject
Project("{9A19103F-16F7-4668-BE54-9A1E7A4F7556}") = "Rhetos.Dom", "Source\Rhetos.Dom\Rhetos.Dom.csproj", "{69101D48-A062-4AF0-96E1-21F7AF38D2B4}"
EndProject
Project("{9A19103F-16F7-4668-BE54-9A1E7A4F7556}") = "Rhetos.Dom.Interfaces", "Source\Rhetos.Dom.Interfaces\Rhetos.Dom.Interfaces.csproj", "{91BDF488-0921-4969-8A53-32169338D8DB}"
EndProject
Project("{9A19103F-16F7-4668-BE54-9A1E7A4F7556}") = "Rhetos.Logging.Interfaces", "Source\Rhetos.Logging.Interfaces\Rhetos.Logging.Interfaces.csproj", "{BB7E5668-1B43-4FCE-A832-444CC57FEE80}"
EndProject
Project("{9A19103F-16F7-4668-BE54-9A1E7A4F7556}") = "Rhetos.Logging", "Source\Rhetos.Logging\Rhetos.Logging.csproj", "{8C9F1C24-2D9C-420B-9787-3FCAD96C5B3E}"
EndProject
Project("{FAE04EC0-301F-11D3-BF4B-00C04F79EFBC}") = "Rhetos.Interfaces", "Source\Rhetos.Interfaces\Rhetos.Interfaces.csproj", "{52B9E0EB-F4D1-4CA5-9239-93917DC76E2B}"
EndProject
Project("{9A19103F-16F7-4668-BE54-9A1E7A4F7556}") = "Rhetos.Dom.DefaultConcepts.Interfaces", "CommonConcepts\Plugins\Rhetos.Dom.DefaultConcepts.Interfaces\Rhetos.Dom.DefaultConcepts.Interfaces.csproj", "{32D57085-6113-43F9-A505-D8B311BD6204}"
	ProjectSection(ProjectDependencies) = postProject
		{91BDF488-0921-4969-8A53-32169338D8DB} = {91BDF488-0921-4969-8A53-32169338D8DB}
	EndProjectSection
EndProject
Project("{9A19103F-16F7-4668-BE54-9A1E7A4F7556}") = "Rhetos.Processing.DefaultCommands.Interfaces", "CommonConcepts\Plugins\Rhetos.Processing.DefaultCommands.Interfaces\Rhetos.Processing.DefaultCommands.Interfaces.csproj", "{98F36936-5842-49CF-BACF-61119AC7BF3E}"
EndProject
Project("{9A19103F-16F7-4668-BE54-9A1E7A4F7556}") = "Rhetos.Dsl.DefaultConcepts", "CommonConcepts\Plugins\Rhetos.Dsl.DefaultConcepts\Rhetos.Dsl.DefaultConcepts.csproj", "{24BC6B74-703A-4AAF-99C3-B5CD760F3D22}"
	ProjectSection(ProjectDependencies) = postProject
		{91BDF488-0921-4969-8A53-32169338D8DB} = {91BDF488-0921-4969-8A53-32169338D8DB}
		{FCAD7F9A-4C31-4D5A-8699-C291AE09D006} = {FCAD7F9A-4C31-4D5A-8699-C291AE09D006}
		{AA08ECFA-2AD6-4B0C-86B9-C5D8754A2073} = {AA08ECFA-2AD6-4B0C-86B9-C5D8754A2073}
	EndProjectSection
EndProject
Project("{FAE04EC0-301F-11D3-BF4B-00C04F79EFBC}") = "Rhetos.Security.Interfaces", "Source\Rhetos.Security.Interfaces\Rhetos.Security.Interfaces.csproj", "{8E1D4ACD-B1AA-433F-9E52-FA50D4A1C9DC}"
	ProjectSection(ProjectDependencies) = postProject
		{F4ACD412-2782-4191-8708-C7AE99B0CEE9} = {F4ACD412-2782-4191-8708-C7AE99B0CEE9}
	EndProjectSection
EndProject
Project("{FAE04EC0-301F-11D3-BF4B-00C04F79EFBC}") = "Rhetos.Security", "Source\Rhetos.Security\Rhetos.Security.csproj", "{F3480D1E-1C20-448D-B2F6-133472CEEB93}"
EndProject
Project("{9A19103F-16F7-4668-BE54-9A1E7A4F7556}") = "Rhetos.Dom.DefaultConcepts", "CommonConcepts\Plugins\Rhetos.Dom.DefaultConcepts\Rhetos.Dom.DefaultConcepts.csproj", "{6FA98D51-A0B6-4E5F-8C78-0D369DDD6DCC}"
	ProjectSection(ProjectDependencies) = postProject
		{91BDF488-0921-4969-8A53-32169338D8DB} = {91BDF488-0921-4969-8A53-32169338D8DB}
	EndProjectSection
EndProject
Project("{FAE04EC0-301F-11D3-BF4B-00C04F79EFBC}") = "Rhetos.Configuration.Autofac", "Source\Rhetos.Configuration.Autofac\Rhetos.Configuration.Autofac.csproj", "{759CEA3C-1CD0-449C-977E-102CE308F4DE}"
	ProjectSection(ProjectDependencies) = postProject
		{237EA20F-0BD0-45A7-BE7A-8A43E58306A2} = {237EA20F-0BD0-45A7-BE7A-8A43E58306A2}
		{F4ACD412-2782-4191-8708-C7AE99B0CEE9} = {F4ACD412-2782-4191-8708-C7AE99B0CEE9}
		{8C9F1C24-2D9C-420B-9787-3FCAD96C5B3E} = {8C9F1C24-2D9C-420B-9787-3FCAD96C5B3E}
		{69101D48-A062-4AF0-96E1-21F7AF38D2B4} = {69101D48-A062-4AF0-96E1-21F7AF38D2B4}
		{CA29D948-78B1-42D9-8E24-D2811E355F5A} = {CA29D948-78B1-42D9-8E24-D2811E355F5A}
		{DDC73F5F-BB0E-4944-92CC-4AC937398499} = {DDC73F5F-BB0E-4944-92CC-4AC937398499}
		{BB7E5668-1B43-4FCE-A832-444CC57FEE80} = {BB7E5668-1B43-4FCE-A832-444CC57FEE80}
		{C0DC3D80-A1FE-46FA-8B97-5B80962687FB} = {C0DC3D80-A1FE-46FA-8B97-5B80962687FB}
		{5E3BBD83-91CB-4FBA-81B2-79A81EC94D70} = {5E3BBD83-91CB-4FBA-81B2-79A81EC94D70}
		{91BDF488-0921-4969-8A53-32169338D8DB} = {91BDF488-0921-4969-8A53-32169338D8DB}
		{FCAD7F9A-4C31-4D5A-8699-C291AE09D006} = {FCAD7F9A-4C31-4D5A-8699-C291AE09D006}
		{7EAF15BD-39C9-44AB-8834-EC0AE013A8A2} = {7EAF15BD-39C9-44AB-8834-EC0AE013A8A2}
		{EB4237C4-3D83-4632-B8C9-AC08C886720A} = {EB4237C4-3D83-4632-B8C9-AC08C886720A}
		{AA08ECFA-2AD6-4B0C-86B9-C5D8754A2073} = {AA08ECFA-2AD6-4B0C-86B9-C5D8754A2073}
		{726CA0FB-70E7-44F3-9FCA-E703598BFC7E} = {726CA0FB-70E7-44F3-9FCA-E703598BFC7E}
	EndProjectSection
EndProject
Project("{FAE04EC0-301F-11D3-BF4B-00C04F79EFBC}") = "Rhetos.TestCommon", "Source\Rhetos.TestCommon\Rhetos.TestCommon.csproj", "{43BA178B-7642-473C-A43A-DBF58294635A}"
EndProject
Project("{9A19103F-16F7-4668-BE54-9A1E7A4F7556}") = "Rhetos.DatabaseGenerator.DefaultConcepts", "CommonConcepts\Plugins\Rhetos.DatabaseGenerator.DefaultConcepts\Rhetos.DatabaseGenerator.DefaultConcepts.csproj", "{507C5738-8738-462A-9BAC-C0C98CE88D93}"
EndProject
Project("{9A19103F-16F7-4668-BE54-9A1E7A4F7556}") = "Rhetos.Processing.DefaultCommands", "CommonConcepts\Plugins\Rhetos.Processing.DefaultCommands\Rhetos.Processing.DefaultCommands.csproj", "{DE021676-A95F-4F64-9FC3-F23C1BB946B5}"
EndProject
Project("{FAE04EC0-301F-11D3-BF4B-00C04F79EFBC}") = "Rhetos", "Source\Rhetos\Rhetos.csproj", "{F395C923-6001-478D-9EFF-F28A51F62BE4}"
	ProjectSection(ProjectDependencies) = postProject
		{DB095801-E380-4CAF-B5F4-6F658ED3E5BE} = {DB095801-E380-4CAF-B5F4-6F658ED3E5BE}
		{4E20890A-3825-45D3-841F-4B6D234845ED} = {4E20890A-3825-45D3-841F-4B6D234845ED}
		{237EA20F-0BD0-45A7-BE7A-8A43E58306A2} = {237EA20F-0BD0-45A7-BE7A-8A43E58306A2}
		{F4ACD412-2782-4191-8708-C7AE99B0CEE9} = {F4ACD412-2782-4191-8708-C7AE99B0CEE9}
		{DB291A1A-BD71-4EEA-898A-7B353C7D1EF5} = {DB291A1A-BD71-4EEA-898A-7B353C7D1EF5}
		{F3480D1E-1C20-448D-B2F6-133472CEEB93} = {F3480D1E-1C20-448D-B2F6-133472CEEB93}
		{8C9F1C24-2D9C-420B-9787-3FCAD96C5B3E} = {8C9F1C24-2D9C-420B-9787-3FCAD96C5B3E}
		{98F36936-5842-49CF-BACF-61119AC7BF3E} = {98F36936-5842-49CF-BACF-61119AC7BF3E}
		{507C5738-8738-462A-9BAC-C0C98CE88D93} = {507C5738-8738-462A-9BAC-C0C98CE88D93}
		{69101D48-A062-4AF0-96E1-21F7AF38D2B4} = {69101D48-A062-4AF0-96E1-21F7AF38D2B4}
		{CA29D948-78B1-42D9-8E24-D2811E355F5A} = {CA29D948-78B1-42D9-8E24-D2811E355F5A}
		{6FA98D51-A0B6-4E5F-8C78-0D369DDD6DCC} = {6FA98D51-A0B6-4E5F-8C78-0D369DDD6DCC}
		{DDC73F5F-BB0E-4944-92CC-4AC937398499} = {DDC73F5F-BB0E-4944-92CC-4AC937398499}
		{BB7E5668-1B43-4FCE-A832-444CC57FEE80} = {BB7E5668-1B43-4FCE-A832-444CC57FEE80}
		{24BC6B74-703A-4AAF-99C3-B5CD760F3D22} = {24BC6B74-703A-4AAF-99C3-B5CD760F3D22}
		{DE021676-A95F-4F64-9FC3-F23C1BB946B5} = {DE021676-A95F-4F64-9FC3-F23C1BB946B5}
		{E428537F-9221-4FD0-B8DC-35FF6F0AA4D7} = {E428537F-9221-4FD0-B8DC-35FF6F0AA4D7}
		{C0DC3D80-A1FE-46FA-8B97-5B80962687FB} = {C0DC3D80-A1FE-46FA-8B97-5B80962687FB}
		{5E3BBD83-91CB-4FBA-81B2-79A81EC94D70} = {5E3BBD83-91CB-4FBA-81B2-79A81EC94D70}
		{32D57085-6113-43F9-A505-D8B311BD6204} = {32D57085-6113-43F9-A505-D8B311BD6204}
		{91BDF488-0921-4969-8A53-32169338D8DB} = {91BDF488-0921-4969-8A53-32169338D8DB}
		{FCAD7F9A-4C31-4D5A-8699-C291AE09D006} = {FCAD7F9A-4C31-4D5A-8699-C291AE09D006}
		{7EAF15BD-39C9-44AB-8834-EC0AE013A8A2} = {7EAF15BD-39C9-44AB-8834-EC0AE013A8A2}
		{EB4237C4-3D83-4632-B8C9-AC08C886720A} = {EB4237C4-3D83-4632-B8C9-AC08C886720A}
		{AA08ECFA-2AD6-4B0C-86B9-C5D8754A2073} = {AA08ECFA-2AD6-4B0C-86B9-C5D8754A2073}
		{726CA0FB-70E7-44F3-9FCA-E703598BFC7E} = {726CA0FB-70E7-44F3-9FCA-E703598BFC7E}
	EndProjectSection
EndProject
Project("{FAE04EC0-301F-11D3-BF4B-00C04F79EFBC}") = "Rhetos.Deployment", "Source\Rhetos.Deployment\Rhetos.Deployment.csproj", "{A7328BFA-A009-4F1E-B9A1-B51B2020F45C}"
EndProject
Project("{FAE04EC0-301F-11D3-BF4B-00C04F79EFBC}") = "CleanupOldData", "Source\CleanUpOldData\CleanupOldData.csproj", "{4E20890A-3825-45D3-841F-4B6D234845ED}"
EndProject
Project("{FAE04EC0-301F-11D3-BF4B-00C04F79EFBC}") = "Rhetos.Deployment.Test", "Source\Rhetos.Deployment.Test\Rhetos.Deployment.Test.csproj", "{70AF0F7A-492B-4C03-A6C0-73CF2DE5B474}"
EndProject
Project("{FAE04EC0-301F-11D3-BF4B-00C04F79EFBC}") = "Rhetos.Logging.Test", "Source\Rhetos.Logging.Test\Rhetos.Logging.Test.csproj", "{6059035E-D06A-439E-AE7B-D8299DE1CD44}"
EndProject
Project("{FAE04EC0-301F-11D3-BF4B-00C04F79EFBC}") = "DeployPackages", "Source\DeployPackages\DeployPackages.csproj", "{DB291A1A-BD71-4EEA-898A-7B353C7D1EF5}"
EndProject
Project("{FAE04EC0-301F-11D3-BF4B-00C04F79EFBC}") = "CreateAndSetDatabase", "Source\CreateAndSetDatabase\CreateAndSetDatabase.csproj", "{E428537F-9221-4FD0-B8DC-35FF6F0AA4D7}"
EndProject
Project("{FAE04EC0-301F-11D3-BF4B-00C04F79EFBC}") = "CreateIISExpressSite", "Source\CreateIISExpressSite\CreateIISExpressSite.csproj", "{DB095801-E380-4CAF-B5F4-6F658ED3E5BE}"
EndProject
Project("{FAE04EC0-301F-11D3-BF4B-00C04F79EFBC}") = "Rhetos.CommonConcepts.Test", "CommonConcepts\Plugins\Rhetos.CommonConcepts.Test\Rhetos.CommonConcepts.Test.csproj", "{A8495F67-2423-4E3C-82EE-FF69B6350B2F}"
EndProject
Project("{FAE04EC0-301F-11D3-BF4B-00C04F79EFBC}") = "Rhetos.Web", "Source\Rhetos.Web\Rhetos.Web.csproj", "{A334FFFD-0400-4FEC-BC83-C044072C76A8}"
EndProject
Project("{FAE04EC0-301F-11D3-BF4B-00C04F79EFBC}") = "Rhetos.Deployment.Interfaces", "Source\Rhetos.Deployment.Interfaces\Rhetos.Deployment.Interfaces.csproj", "{945537DC-4AF7-4DEF-B73C-07F19229EFE6}"
EndProject
Project("{FAE04EC0-301F-11D3-BF4B-00C04F79EFBC}") = "Rhetos.Persistence", "Source\Rhetos.Persistence\Rhetos.Persistence.csproj", "{02415B9E-FB00-451D-8B1A-B4A3CE150F2D}"
EndProject
Project("{FAE04EC0-301F-11D3-BF4B-00C04F79EFBC}") = "Rhetos.Persistence.Test", "Source\Rhetos.Persistence.Test\Rhetos.Persistence.Test.csproj", "{EABE44F4-8ED3-475A-A3E9-E8FD5A187233}"
EndProject
Project("{FAE04EC0-301F-11D3-BF4B-00C04F79EFBC}") = "DeployPackages.Test", "Source\DeployPackages.Test\DeployPackages.Test.csproj", "{A0FEC8BA-D4FD-48B8-9813-C1CF3C2BD49B}"
EndProject
Project("{FAE04EC0-301F-11D3-BF4B-00C04F79EFBC}") = "RhetosCli", "Source\RhetosCli\RhetosCli.csproj", "{13864809-505B-4FE3-B04E-31F9735B5FFC}"
EndProject
Project("{FAE04EC0-301F-11D3-BF4B-00C04F79EFBC}") = "Rhetos.Extensibility.Test", "Source\Rhetos.Extensibility.Test\Rhetos.Extensibility.Test.csproj", "{7F9950B3-CCAE-4886-9303-297D78559F30}"
EndProject
Project("{2150E333-8FDC-42A3-9474-1A3956D46DE8}") = "Solution Items", "Solution Items", "{D3CC17A8-D557-44D9-8D3D-3D425ED09838}"
	ProjectSection(SolutionItems) = preProject
		Directory.Build.props = Directory.Build.props
	EndProjectSection
EndProject
Global
	GlobalSection(SolutionConfigurationPlatforms) = preSolution
		CodeAnalysis|Any CPU = CodeAnalysis|Any CPU
		CodeAnalysis|Mixed Platforms = CodeAnalysis|Mixed Platforms
		CodeAnalysis|x86 = CodeAnalysis|x86
		Debug|Any CPU = Debug|Any CPU
		Debug|Mixed Platforms = Debug|Mixed Platforms
		Debug|x86 = Debug|x86
		Release|Any CPU = Release|Any CPU
		Release|Mixed Platforms = Release|Mixed Platforms
		Release|x86 = Release|x86
	EndGlobalSection
	GlobalSection(ProjectConfigurationPlatforms) = postSolution
		{71E63722-57BC-41DF-9FF5-57ECC67E4BC1}.CodeAnalysis|Any CPU.ActiveCfg = CodeAnalysis|Any CPU
		{71E63722-57BC-41DF-9FF5-57ECC67E4BC1}.CodeAnalysis|Any CPU.Build.0 = CodeAnalysis|Any CPU
		{71E63722-57BC-41DF-9FF5-57ECC67E4BC1}.CodeAnalysis|Mixed Platforms.ActiveCfg = CodeAnalysis|Any CPU
		{71E63722-57BC-41DF-9FF5-57ECC67E4BC1}.CodeAnalysis|x86.ActiveCfg = CodeAnalysis|Any CPU
		{71E63722-57BC-41DF-9FF5-57ECC67E4BC1}.Debug|Any CPU.ActiveCfg = Debug|Any CPU
		{71E63722-57BC-41DF-9FF5-57ECC67E4BC1}.Debug|Any CPU.Build.0 = Debug|Any CPU
		{71E63722-57BC-41DF-9FF5-57ECC67E4BC1}.Debug|Mixed Platforms.ActiveCfg = Debug|Any CPU
		{71E63722-57BC-41DF-9FF5-57ECC67E4BC1}.Debug|Mixed Platforms.Build.0 = Debug|Any CPU
		{71E63722-57BC-41DF-9FF5-57ECC67E4BC1}.Debug|x86.ActiveCfg = Debug|Any CPU
		{71E63722-57BC-41DF-9FF5-57ECC67E4BC1}.Release|Any CPU.ActiveCfg = Release|Any CPU
		{71E63722-57BC-41DF-9FF5-57ECC67E4BC1}.Release|Any CPU.Build.0 = Release|Any CPU
		{71E63722-57BC-41DF-9FF5-57ECC67E4BC1}.Release|Mixed Platforms.ActiveCfg = Release|Any CPU
		{71E63722-57BC-41DF-9FF5-57ECC67E4BC1}.Release|Mixed Platforms.Build.0 = Release|Any CPU
		{71E63722-57BC-41DF-9FF5-57ECC67E4BC1}.Release|x86.ActiveCfg = Release|Any CPU
		{7EAF15BD-39C9-44AB-8834-EC0AE013A8A2}.CodeAnalysis|Any CPU.ActiveCfg = Release|Any CPU
		{7EAF15BD-39C9-44AB-8834-EC0AE013A8A2}.CodeAnalysis|Any CPU.Build.0 = Release|Any CPU
		{7EAF15BD-39C9-44AB-8834-EC0AE013A8A2}.CodeAnalysis|Mixed Platforms.ActiveCfg = Release|Any CPU
		{7EAF15BD-39C9-44AB-8834-EC0AE013A8A2}.CodeAnalysis|Mixed Platforms.Build.0 = Release|Any CPU
		{7EAF15BD-39C9-44AB-8834-EC0AE013A8A2}.CodeAnalysis|x86.ActiveCfg = Release|Any CPU
		{7EAF15BD-39C9-44AB-8834-EC0AE013A8A2}.CodeAnalysis|x86.Build.0 = Release|Any CPU
		{7EAF15BD-39C9-44AB-8834-EC0AE013A8A2}.Debug|Any CPU.ActiveCfg = Debug|Any CPU
		{7EAF15BD-39C9-44AB-8834-EC0AE013A8A2}.Debug|Any CPU.Build.0 = Debug|Any CPU
		{7EAF15BD-39C9-44AB-8834-EC0AE013A8A2}.Debug|Mixed Platforms.ActiveCfg = Debug|Any CPU
		{7EAF15BD-39C9-44AB-8834-EC0AE013A8A2}.Debug|Mixed Platforms.Build.0 = Debug|Any CPU
		{7EAF15BD-39C9-44AB-8834-EC0AE013A8A2}.Debug|x86.ActiveCfg = Debug|Any CPU
		{7EAF15BD-39C9-44AB-8834-EC0AE013A8A2}.Release|Any CPU.ActiveCfg = Release|Any CPU
		{7EAF15BD-39C9-44AB-8834-EC0AE013A8A2}.Release|Any CPU.Build.0 = Release|Any CPU
		{7EAF15BD-39C9-44AB-8834-EC0AE013A8A2}.Release|Mixed Platforms.ActiveCfg = Release|Any CPU
		{7EAF15BD-39C9-44AB-8834-EC0AE013A8A2}.Release|Mixed Platforms.Build.0 = Release|Any CPU
		{7EAF15BD-39C9-44AB-8834-EC0AE013A8A2}.Release|x86.ActiveCfg = Release|Any CPU
		{AA08ECFA-2AD6-4B0C-86B9-C5D8754A2073}.CodeAnalysis|Any CPU.ActiveCfg = Release|Any CPU
		{AA08ECFA-2AD6-4B0C-86B9-C5D8754A2073}.CodeAnalysis|Any CPU.Build.0 = Release|Any CPU
		{AA08ECFA-2AD6-4B0C-86B9-C5D8754A2073}.CodeAnalysis|Mixed Platforms.ActiveCfg = Release|Any CPU
		{AA08ECFA-2AD6-4B0C-86B9-C5D8754A2073}.CodeAnalysis|Mixed Platforms.Build.0 = Release|Any CPU
		{AA08ECFA-2AD6-4B0C-86B9-C5D8754A2073}.CodeAnalysis|x86.ActiveCfg = Release|Any CPU
		{AA08ECFA-2AD6-4B0C-86B9-C5D8754A2073}.CodeAnalysis|x86.Build.0 = Release|Any CPU
		{AA08ECFA-2AD6-4B0C-86B9-C5D8754A2073}.Debug|Any CPU.ActiveCfg = Debug|Any CPU
		{AA08ECFA-2AD6-4B0C-86B9-C5D8754A2073}.Debug|Any CPU.Build.0 = Debug|Any CPU
		{AA08ECFA-2AD6-4B0C-86B9-C5D8754A2073}.Debug|Mixed Platforms.ActiveCfg = Debug|Any CPU
		{AA08ECFA-2AD6-4B0C-86B9-C5D8754A2073}.Debug|Mixed Platforms.Build.0 = Debug|Any CPU
		{AA08ECFA-2AD6-4B0C-86B9-C5D8754A2073}.Debug|x86.ActiveCfg = Debug|Any CPU
		{AA08ECFA-2AD6-4B0C-86B9-C5D8754A2073}.Release|Any CPU.ActiveCfg = Release|Any CPU
		{AA08ECFA-2AD6-4B0C-86B9-C5D8754A2073}.Release|Any CPU.Build.0 = Release|Any CPU
		{AA08ECFA-2AD6-4B0C-86B9-C5D8754A2073}.Release|Mixed Platforms.ActiveCfg = Release|Any CPU
		{AA08ECFA-2AD6-4B0C-86B9-C5D8754A2073}.Release|Mixed Platforms.Build.0 = Release|Any CPU
		{AA08ECFA-2AD6-4B0C-86B9-C5D8754A2073}.Release|x86.ActiveCfg = Release|Any CPU
		{237EA20F-0BD0-45A7-BE7A-8A43E58306A2}.CodeAnalysis|Any CPU.ActiveCfg = Release|Any CPU
		{237EA20F-0BD0-45A7-BE7A-8A43E58306A2}.CodeAnalysis|Any CPU.Build.0 = Release|Any CPU
		{237EA20F-0BD0-45A7-BE7A-8A43E58306A2}.CodeAnalysis|Mixed Platforms.ActiveCfg = Release|Any CPU
		{237EA20F-0BD0-45A7-BE7A-8A43E58306A2}.CodeAnalysis|Mixed Platforms.Build.0 = Release|Any CPU
		{237EA20F-0BD0-45A7-BE7A-8A43E58306A2}.CodeAnalysis|x86.ActiveCfg = Release|Any CPU
		{237EA20F-0BD0-45A7-BE7A-8A43E58306A2}.CodeAnalysis|x86.Build.0 = Release|Any CPU
		{237EA20F-0BD0-45A7-BE7A-8A43E58306A2}.Debug|Any CPU.ActiveCfg = Debug|Any CPU
		{237EA20F-0BD0-45A7-BE7A-8A43E58306A2}.Debug|Any CPU.Build.0 = Debug|Any CPU
		{237EA20F-0BD0-45A7-BE7A-8A43E58306A2}.Debug|Mixed Platforms.ActiveCfg = Debug|Any CPU
		{237EA20F-0BD0-45A7-BE7A-8A43E58306A2}.Debug|Mixed Platforms.Build.0 = Debug|Any CPU
		{237EA20F-0BD0-45A7-BE7A-8A43E58306A2}.Debug|x86.ActiveCfg = Debug|Any CPU
		{237EA20F-0BD0-45A7-BE7A-8A43E58306A2}.Release|Any CPU.ActiveCfg = Release|Any CPU
		{237EA20F-0BD0-45A7-BE7A-8A43E58306A2}.Release|Any CPU.Build.0 = Release|Any CPU
		{237EA20F-0BD0-45A7-BE7A-8A43E58306A2}.Release|Mixed Platforms.ActiveCfg = Release|Any CPU
		{237EA20F-0BD0-45A7-BE7A-8A43E58306A2}.Release|Mixed Platforms.Build.0 = Release|Any CPU
		{237EA20F-0BD0-45A7-BE7A-8A43E58306A2}.Release|x86.ActiveCfg = Release|Any CPU
		{CA29D948-78B1-42D9-8E24-D2811E355F5A}.CodeAnalysis|Any CPU.ActiveCfg = Release|Any CPU
		{CA29D948-78B1-42D9-8E24-D2811E355F5A}.CodeAnalysis|Any CPU.Build.0 = Release|Any CPU
		{CA29D948-78B1-42D9-8E24-D2811E355F5A}.CodeAnalysis|Mixed Platforms.ActiveCfg = Release|Any CPU
		{CA29D948-78B1-42D9-8E24-D2811E355F5A}.CodeAnalysis|Mixed Platforms.Build.0 = Release|Any CPU
		{CA29D948-78B1-42D9-8E24-D2811E355F5A}.CodeAnalysis|x86.ActiveCfg = Release|Any CPU
		{CA29D948-78B1-42D9-8E24-D2811E355F5A}.CodeAnalysis|x86.Build.0 = Release|Any CPU
		{CA29D948-78B1-42D9-8E24-D2811E355F5A}.Debug|Any CPU.ActiveCfg = Debug|Any CPU
		{CA29D948-78B1-42D9-8E24-D2811E355F5A}.Debug|Any CPU.Build.0 = Debug|Any CPU
		{CA29D948-78B1-42D9-8E24-D2811E355F5A}.Debug|Mixed Platforms.ActiveCfg = Debug|Any CPU
		{CA29D948-78B1-42D9-8E24-D2811E355F5A}.Debug|Mixed Platforms.Build.0 = Debug|Any CPU
		{CA29D948-78B1-42D9-8E24-D2811E355F5A}.Debug|x86.ActiveCfg = Debug|Any CPU
		{CA29D948-78B1-42D9-8E24-D2811E355F5A}.Release|Any CPU.ActiveCfg = Release|Any CPU
		{CA29D948-78B1-42D9-8E24-D2811E355F5A}.Release|Any CPU.Build.0 = Release|Any CPU
		{CA29D948-78B1-42D9-8E24-D2811E355F5A}.Release|Mixed Platforms.ActiveCfg = Release|Any CPU
		{CA29D948-78B1-42D9-8E24-D2811E355F5A}.Release|Mixed Platforms.Build.0 = Release|Any CPU
		{CA29D948-78B1-42D9-8E24-D2811E355F5A}.Release|x86.ActiveCfg = Release|Any CPU
		{F4ACD412-2782-4191-8708-C7AE99B0CEE9}.CodeAnalysis|Any CPU.ActiveCfg = Release|Any CPU
		{F4ACD412-2782-4191-8708-C7AE99B0CEE9}.CodeAnalysis|Any CPU.Build.0 = Release|Any CPU
		{F4ACD412-2782-4191-8708-C7AE99B0CEE9}.CodeAnalysis|Mixed Platforms.ActiveCfg = Release|Any CPU
		{F4ACD412-2782-4191-8708-C7AE99B0CEE9}.CodeAnalysis|Mixed Platforms.Build.0 = Release|Any CPU
		{F4ACD412-2782-4191-8708-C7AE99B0CEE9}.CodeAnalysis|x86.ActiveCfg = Release|Any CPU
		{F4ACD412-2782-4191-8708-C7AE99B0CEE9}.CodeAnalysis|x86.Build.0 = Release|Any CPU
		{F4ACD412-2782-4191-8708-C7AE99B0CEE9}.Debug|Any CPU.ActiveCfg = Debug|Any CPU
		{F4ACD412-2782-4191-8708-C7AE99B0CEE9}.Debug|Any CPU.Build.0 = Debug|Any CPU
		{F4ACD412-2782-4191-8708-C7AE99B0CEE9}.Debug|Mixed Platforms.ActiveCfg = Debug|Any CPU
		{F4ACD412-2782-4191-8708-C7AE99B0CEE9}.Debug|Mixed Platforms.Build.0 = Debug|Any CPU
		{F4ACD412-2782-4191-8708-C7AE99B0CEE9}.Debug|x86.ActiveCfg = Debug|Any CPU
		{F4ACD412-2782-4191-8708-C7AE99B0CEE9}.Release|Any CPU.ActiveCfg = Release|Any CPU
		{F4ACD412-2782-4191-8708-C7AE99B0CEE9}.Release|Any CPU.Build.0 = Release|Any CPU
		{F4ACD412-2782-4191-8708-C7AE99B0CEE9}.Release|Mixed Platforms.ActiveCfg = Release|Any CPU
		{F4ACD412-2782-4191-8708-C7AE99B0CEE9}.Release|Mixed Platforms.Build.0 = Release|Any CPU
		{F4ACD412-2782-4191-8708-C7AE99B0CEE9}.Release|x86.ActiveCfg = Release|Any CPU
		{48196125-9AE3-40E5-8E0D-431B85083B7D}.CodeAnalysis|Any CPU.ActiveCfg = Release|Any CPU
		{48196125-9AE3-40E5-8E0D-431B85083B7D}.CodeAnalysis|Any CPU.Build.0 = Release|Any CPU
		{48196125-9AE3-40E5-8E0D-431B85083B7D}.CodeAnalysis|Mixed Platforms.ActiveCfg = Debug|Any CPU
		{48196125-9AE3-40E5-8E0D-431B85083B7D}.CodeAnalysis|x86.ActiveCfg = Release|Any CPU
		{48196125-9AE3-40E5-8E0D-431B85083B7D}.Debug|Any CPU.ActiveCfg = Debug|Any CPU
		{48196125-9AE3-40E5-8E0D-431B85083B7D}.Debug|Any CPU.Build.0 = Debug|Any CPU
		{48196125-9AE3-40E5-8E0D-431B85083B7D}.Debug|Mixed Platforms.ActiveCfg = Debug|Any CPU
		{48196125-9AE3-40E5-8E0D-431B85083B7D}.Debug|Mixed Platforms.Build.0 = Debug|Any CPU
		{48196125-9AE3-40E5-8E0D-431B85083B7D}.Debug|x86.ActiveCfg = Debug|Any CPU
		{48196125-9AE3-40E5-8E0D-431B85083B7D}.Release|Any CPU.ActiveCfg = Release|Any CPU
		{48196125-9AE3-40E5-8E0D-431B85083B7D}.Release|Any CPU.Build.0 = Release|Any CPU
		{48196125-9AE3-40E5-8E0D-431B85083B7D}.Release|Mixed Platforms.ActiveCfg = Release|Any CPU
		{48196125-9AE3-40E5-8E0D-431B85083B7D}.Release|Mixed Platforms.Build.0 = Release|Any CPU
		{48196125-9AE3-40E5-8E0D-431B85083B7D}.Release|x86.ActiveCfg = Release|Any CPU
		{3FC4E5BB-F6A8-4E74-9B22-0181F003551B}.CodeAnalysis|Any CPU.ActiveCfg = Release|Any CPU
		{3FC4E5BB-F6A8-4E74-9B22-0181F003551B}.CodeAnalysis|Any CPU.Build.0 = Release|Any CPU
		{3FC4E5BB-F6A8-4E74-9B22-0181F003551B}.CodeAnalysis|Mixed Platforms.ActiveCfg = Debug|Any CPU
		{3FC4E5BB-F6A8-4E74-9B22-0181F003551B}.CodeAnalysis|x86.ActiveCfg = Release|Any CPU
		{3FC4E5BB-F6A8-4E74-9B22-0181F003551B}.Debug|Any CPU.ActiveCfg = Debug|Any CPU
		{3FC4E5BB-F6A8-4E74-9B22-0181F003551B}.Debug|Any CPU.Build.0 = Debug|Any CPU
		{3FC4E5BB-F6A8-4E74-9B22-0181F003551B}.Debug|Mixed Platforms.ActiveCfg = Debug|Any CPU
		{3FC4E5BB-F6A8-4E74-9B22-0181F003551B}.Debug|Mixed Platforms.Build.0 = Debug|Any CPU
		{3FC4E5BB-F6A8-4E74-9B22-0181F003551B}.Debug|x86.ActiveCfg = Debug|Any CPU
		{3FC4E5BB-F6A8-4E74-9B22-0181F003551B}.Release|Any CPU.ActiveCfg = Release|Any CPU
		{3FC4E5BB-F6A8-4E74-9B22-0181F003551B}.Release|Any CPU.Build.0 = Release|Any CPU
		{3FC4E5BB-F6A8-4E74-9B22-0181F003551B}.Release|Mixed Platforms.ActiveCfg = Release|Any CPU
		{3FC4E5BB-F6A8-4E74-9B22-0181F003551B}.Release|Mixed Platforms.Build.0 = Release|Any CPU
		{3FC4E5BB-F6A8-4E74-9B22-0181F003551B}.Release|x86.ActiveCfg = Release|Any CPU
		{F54C8A50-8AB5-4F7E-A255-D6645A457E02}.CodeAnalysis|Any CPU.ActiveCfg = Release|Any CPU
		{F54C8A50-8AB5-4F7E-A255-D6645A457E02}.CodeAnalysis|Any CPU.Build.0 = Release|Any CPU
		{F54C8A50-8AB5-4F7E-A255-D6645A457E02}.CodeAnalysis|Mixed Platforms.ActiveCfg = Debug|Any CPU
		{F54C8A50-8AB5-4F7E-A255-D6645A457E02}.CodeAnalysis|x86.ActiveCfg = Release|Any CPU
		{F54C8A50-8AB5-4F7E-A255-D6645A457E02}.Debug|Any CPU.ActiveCfg = Debug|Any CPU
		{F54C8A50-8AB5-4F7E-A255-D6645A457E02}.Debug|Any CPU.Build.0 = Debug|Any CPU
		{F54C8A50-8AB5-4F7E-A255-D6645A457E02}.Debug|Mixed Platforms.ActiveCfg = Debug|Any CPU
		{F54C8A50-8AB5-4F7E-A255-D6645A457E02}.Debug|Mixed Platforms.Build.0 = Debug|Any CPU
		{F54C8A50-8AB5-4F7E-A255-D6645A457E02}.Debug|x86.ActiveCfg = Debug|Any CPU
		{F54C8A50-8AB5-4F7E-A255-D6645A457E02}.Release|Any CPU.ActiveCfg = Release|Any CPU
		{F54C8A50-8AB5-4F7E-A255-D6645A457E02}.Release|Any CPU.Build.0 = Release|Any CPU
		{F54C8A50-8AB5-4F7E-A255-D6645A457E02}.Release|Mixed Platforms.ActiveCfg = Release|Any CPU
		{F54C8A50-8AB5-4F7E-A255-D6645A457E02}.Release|Mixed Platforms.Build.0 = Release|Any CPU
		{F54C8A50-8AB5-4F7E-A255-D6645A457E02}.Release|x86.ActiveCfg = Release|Any CPU
		{5E3BBD83-91CB-4FBA-81B2-79A81EC94D70}.CodeAnalysis|Any CPU.ActiveCfg = Release|Any CPU
		{5E3BBD83-91CB-4FBA-81B2-79A81EC94D70}.CodeAnalysis|Any CPU.Build.0 = Release|Any CPU
		{5E3BBD83-91CB-4FBA-81B2-79A81EC94D70}.CodeAnalysis|Mixed Platforms.ActiveCfg = Debug|Any CPU
		{5E3BBD83-91CB-4FBA-81B2-79A81EC94D70}.CodeAnalysis|Mixed Platforms.Build.0 = Debug|Any CPU
		{5E3BBD83-91CB-4FBA-81B2-79A81EC94D70}.CodeAnalysis|x86.ActiveCfg = Release|Any CPU
		{5E3BBD83-91CB-4FBA-81B2-79A81EC94D70}.Debug|Any CPU.ActiveCfg = Debug|Any CPU
		{5E3BBD83-91CB-4FBA-81B2-79A81EC94D70}.Debug|Any CPU.Build.0 = Debug|Any CPU
		{5E3BBD83-91CB-4FBA-81B2-79A81EC94D70}.Debug|Mixed Platforms.ActiveCfg = Debug|Any CPU
		{5E3BBD83-91CB-4FBA-81B2-79A81EC94D70}.Debug|Mixed Platforms.Build.0 = Debug|Any CPU
		{5E3BBD83-91CB-4FBA-81B2-79A81EC94D70}.Debug|x86.ActiveCfg = Debug|Any CPU
		{5E3BBD83-91CB-4FBA-81B2-79A81EC94D70}.Release|Any CPU.ActiveCfg = Release|Any CPU
		{5E3BBD83-91CB-4FBA-81B2-79A81EC94D70}.Release|Any CPU.Build.0 = Release|Any CPU
		{5E3BBD83-91CB-4FBA-81B2-79A81EC94D70}.Release|Mixed Platforms.ActiveCfg = Release|Any CPU
		{5E3BBD83-91CB-4FBA-81B2-79A81EC94D70}.Release|Mixed Platforms.Build.0 = Release|Any CPU
		{5E3BBD83-91CB-4FBA-81B2-79A81EC94D70}.Release|x86.ActiveCfg = Release|Any CPU
		{EB4237C4-3D83-4632-B8C9-AC08C886720A}.CodeAnalysis|Any CPU.ActiveCfg = Release|Any CPU
		{EB4237C4-3D83-4632-B8C9-AC08C886720A}.CodeAnalysis|Any CPU.Build.0 = Release|Any CPU
		{EB4237C4-3D83-4632-B8C9-AC08C886720A}.CodeAnalysis|Mixed Platforms.ActiveCfg = CodeAnalysis|Any CPU
		{EB4237C4-3D83-4632-B8C9-AC08C886720A}.CodeAnalysis|x86.ActiveCfg = Release|Any CPU
		{EB4237C4-3D83-4632-B8C9-AC08C886720A}.Debug|Any CPU.ActiveCfg = Debug|Any CPU
		{EB4237C4-3D83-4632-B8C9-AC08C886720A}.Debug|Any CPU.Build.0 = Debug|Any CPU
		{EB4237C4-3D83-4632-B8C9-AC08C886720A}.Debug|Mixed Platforms.ActiveCfg = Debug|Any CPU
		{EB4237C4-3D83-4632-B8C9-AC08C886720A}.Debug|Mixed Platforms.Build.0 = Debug|Any CPU
		{EB4237C4-3D83-4632-B8C9-AC08C886720A}.Debug|x86.ActiveCfg = Debug|Any CPU
		{EB4237C4-3D83-4632-B8C9-AC08C886720A}.Release|Any CPU.ActiveCfg = Release|Any CPU
		{EB4237C4-3D83-4632-B8C9-AC08C886720A}.Release|Any CPU.Build.0 = Release|Any CPU
		{EB4237C4-3D83-4632-B8C9-AC08C886720A}.Release|Mixed Platforms.ActiveCfg = Release|Any CPU
		{EB4237C4-3D83-4632-B8C9-AC08C886720A}.Release|Mixed Platforms.Build.0 = Release|Any CPU
		{EB4237C4-3D83-4632-B8C9-AC08C886720A}.Release|x86.ActiveCfg = Release|Any CPU
		{4D2FCD7F-D9BB-4E55-B9C6-FDF352F6DCF3}.CodeAnalysis|Any CPU.ActiveCfg = Release|Any CPU
		{4D2FCD7F-D9BB-4E55-B9C6-FDF352F6DCF3}.CodeAnalysis|Any CPU.Build.0 = Release|Any CPU
		{4D2FCD7F-D9BB-4E55-B9C6-FDF352F6DCF3}.CodeAnalysis|Mixed Platforms.ActiveCfg = CodeAnalysis|Any CPU
		{4D2FCD7F-D9BB-4E55-B9C6-FDF352F6DCF3}.CodeAnalysis|x86.ActiveCfg = Release|Any CPU
		{4D2FCD7F-D9BB-4E55-B9C6-FDF352F6DCF3}.Debug|Any CPU.ActiveCfg = Debug|Any CPU
		{4D2FCD7F-D9BB-4E55-B9C6-FDF352F6DCF3}.Debug|Any CPU.Build.0 = Debug|Any CPU
		{4D2FCD7F-D9BB-4E55-B9C6-FDF352F6DCF3}.Debug|Mixed Platforms.ActiveCfg = Debug|Any CPU
		{4D2FCD7F-D9BB-4E55-B9C6-FDF352F6DCF3}.Debug|Mixed Platforms.Build.0 = Debug|Any CPU
		{4D2FCD7F-D9BB-4E55-B9C6-FDF352F6DCF3}.Debug|x86.ActiveCfg = Debug|Any CPU
		{4D2FCD7F-D9BB-4E55-B9C6-FDF352F6DCF3}.Release|Any CPU.ActiveCfg = Release|Any CPU
		{4D2FCD7F-D9BB-4E55-B9C6-FDF352F6DCF3}.Release|Any CPU.Build.0 = Release|Any CPU
		{4D2FCD7F-D9BB-4E55-B9C6-FDF352F6DCF3}.Release|Mixed Platforms.ActiveCfg = Release|Any CPU
		{4D2FCD7F-D9BB-4E55-B9C6-FDF352F6DCF3}.Release|Mixed Platforms.Build.0 = Release|Any CPU
		{4D2FCD7F-D9BB-4E55-B9C6-FDF352F6DCF3}.Release|x86.ActiveCfg = Release|Any CPU
		{C0DC3D80-A1FE-46FA-8B97-5B80962687FB}.CodeAnalysis|Any CPU.ActiveCfg = Release|Any CPU
		{C0DC3D80-A1FE-46FA-8B97-5B80962687FB}.CodeAnalysis|Any CPU.Build.0 = Release|Any CPU
		{C0DC3D80-A1FE-46FA-8B97-5B80962687FB}.CodeAnalysis|Mixed Platforms.ActiveCfg = Debug|Any CPU
		{C0DC3D80-A1FE-46FA-8B97-5B80962687FB}.CodeAnalysis|Mixed Platforms.Build.0 = Debug|Any CPU
		{C0DC3D80-A1FE-46FA-8B97-5B80962687FB}.CodeAnalysis|x86.ActiveCfg = Release|Any CPU
		{C0DC3D80-A1FE-46FA-8B97-5B80962687FB}.Debug|Any CPU.ActiveCfg = Debug|Any CPU
		{C0DC3D80-A1FE-46FA-8B97-5B80962687FB}.Debug|Any CPU.Build.0 = Debug|Any CPU
		{C0DC3D80-A1FE-46FA-8B97-5B80962687FB}.Debug|Mixed Platforms.ActiveCfg = Debug|Any CPU
		{C0DC3D80-A1FE-46FA-8B97-5B80962687FB}.Debug|Mixed Platforms.Build.0 = Debug|Any CPU
		{C0DC3D80-A1FE-46FA-8B97-5B80962687FB}.Debug|x86.ActiveCfg = Debug|Any CPU
		{C0DC3D80-A1FE-46FA-8B97-5B80962687FB}.Release|Any CPU.ActiveCfg = Release|Any CPU
		{C0DC3D80-A1FE-46FA-8B97-5B80962687FB}.Release|Any CPU.Build.0 = Release|Any CPU
		{C0DC3D80-A1FE-46FA-8B97-5B80962687FB}.Release|Mixed Platforms.ActiveCfg = Release|Any CPU
		{C0DC3D80-A1FE-46FA-8B97-5B80962687FB}.Release|Mixed Platforms.Build.0 = Release|Any CPU
		{C0DC3D80-A1FE-46FA-8B97-5B80962687FB}.Release|x86.ActiveCfg = Release|Any CPU
		{FCAD7F9A-4C31-4D5A-8699-C291AE09D006}.CodeAnalysis|Any CPU.ActiveCfg = Release|Any CPU
		{FCAD7F9A-4C31-4D5A-8699-C291AE09D006}.CodeAnalysis|Any CPU.Build.0 = Release|Any CPU
		{FCAD7F9A-4C31-4D5A-8699-C291AE09D006}.CodeAnalysis|Mixed Platforms.ActiveCfg = Debug|Any CPU
		{FCAD7F9A-4C31-4D5A-8699-C291AE09D006}.CodeAnalysis|Mixed Platforms.Build.0 = Debug|Any CPU
		{FCAD7F9A-4C31-4D5A-8699-C291AE09D006}.CodeAnalysis|x86.ActiveCfg = Release|Any CPU
		{FCAD7F9A-4C31-4D5A-8699-C291AE09D006}.Debug|Any CPU.ActiveCfg = Debug|Any CPU
		{FCAD7F9A-4C31-4D5A-8699-C291AE09D006}.Debug|Any CPU.Build.0 = Debug|Any CPU
		{FCAD7F9A-4C31-4D5A-8699-C291AE09D006}.Debug|Mixed Platforms.ActiveCfg = Debug|Any CPU
		{FCAD7F9A-4C31-4D5A-8699-C291AE09D006}.Debug|Mixed Platforms.Build.0 = Debug|Any CPU
		{FCAD7F9A-4C31-4D5A-8699-C291AE09D006}.Debug|x86.ActiveCfg = Debug|Any CPU
		{FCAD7F9A-4C31-4D5A-8699-C291AE09D006}.Release|Any CPU.ActiveCfg = Release|Any CPU
		{FCAD7F9A-4C31-4D5A-8699-C291AE09D006}.Release|Any CPU.Build.0 = Release|Any CPU
		{FCAD7F9A-4C31-4D5A-8699-C291AE09D006}.Release|Mixed Platforms.ActiveCfg = Release|Any CPU
		{FCAD7F9A-4C31-4D5A-8699-C291AE09D006}.Release|Mixed Platforms.Build.0 = Release|Any CPU
		{FCAD7F9A-4C31-4D5A-8699-C291AE09D006}.Release|x86.ActiveCfg = Release|Any CPU
		{DDC73F5F-BB0E-4944-92CC-4AC937398499}.CodeAnalysis|Any CPU.ActiveCfg = Release|Any CPU
		{DDC73F5F-BB0E-4944-92CC-4AC937398499}.CodeAnalysis|Any CPU.Build.0 = Release|Any CPU
		{DDC73F5F-BB0E-4944-92CC-4AC937398499}.CodeAnalysis|Mixed Platforms.ActiveCfg = Debug|Any CPU
		{DDC73F5F-BB0E-4944-92CC-4AC937398499}.CodeAnalysis|Mixed Platforms.Build.0 = Debug|Any CPU
		{DDC73F5F-BB0E-4944-92CC-4AC937398499}.CodeAnalysis|x86.ActiveCfg = Release|Any CPU
		{DDC73F5F-BB0E-4944-92CC-4AC937398499}.Debug|Any CPU.ActiveCfg = Debug|Any CPU
		{DDC73F5F-BB0E-4944-92CC-4AC937398499}.Debug|Any CPU.Build.0 = Debug|Any CPU
		{DDC73F5F-BB0E-4944-92CC-4AC937398499}.Debug|Mixed Platforms.ActiveCfg = Debug|Any CPU
		{DDC73F5F-BB0E-4944-92CC-4AC937398499}.Debug|Mixed Platforms.Build.0 = Debug|Any CPU
		{DDC73F5F-BB0E-4944-92CC-4AC937398499}.Debug|x86.ActiveCfg = Debug|Any CPU
		{DDC73F5F-BB0E-4944-92CC-4AC937398499}.Release|Any CPU.ActiveCfg = Release|Any CPU
		{DDC73F5F-BB0E-4944-92CC-4AC937398499}.Release|Any CPU.Build.0 = Release|Any CPU
		{DDC73F5F-BB0E-4944-92CC-4AC937398499}.Release|Mixed Platforms.ActiveCfg = Release|Any CPU
		{DDC73F5F-BB0E-4944-92CC-4AC937398499}.Release|Mixed Platforms.Build.0 = Release|Any CPU
		{DDC73F5F-BB0E-4944-92CC-4AC937398499}.Release|x86.ActiveCfg = Release|Any CPU
		{726CA0FB-70E7-44F3-9FCA-E703598BFC7E}.CodeAnalysis|Any CPU.ActiveCfg = Release|Any CPU
		{726CA0FB-70E7-44F3-9FCA-E703598BFC7E}.CodeAnalysis|Any CPU.Build.0 = Release|Any CPU
		{726CA0FB-70E7-44F3-9FCA-E703598BFC7E}.CodeAnalysis|Mixed Platforms.ActiveCfg = CodeAnalysis|Any CPU
		{726CA0FB-70E7-44F3-9FCA-E703598BFC7E}.CodeAnalysis|x86.ActiveCfg = Release|Any CPU
		{726CA0FB-70E7-44F3-9FCA-E703598BFC7E}.Debug|Any CPU.ActiveCfg = Debug|Any CPU
		{726CA0FB-70E7-44F3-9FCA-E703598BFC7E}.Debug|Any CPU.Build.0 = Debug|Any CPU
		{726CA0FB-70E7-44F3-9FCA-E703598BFC7E}.Debug|Mixed Platforms.ActiveCfg = Debug|Any CPU
		{726CA0FB-70E7-44F3-9FCA-E703598BFC7E}.Debug|Mixed Platforms.Build.0 = Debug|Any CPU
		{726CA0FB-70E7-44F3-9FCA-E703598BFC7E}.Debug|x86.ActiveCfg = Debug|Any CPU
		{726CA0FB-70E7-44F3-9FCA-E703598BFC7E}.Release|Any CPU.ActiveCfg = Release|Any CPU
		{726CA0FB-70E7-44F3-9FCA-E703598BFC7E}.Release|Any CPU.Build.0 = Release|Any CPU
		{726CA0FB-70E7-44F3-9FCA-E703598BFC7E}.Release|Mixed Platforms.ActiveCfg = Release|Any CPU
		{726CA0FB-70E7-44F3-9FCA-E703598BFC7E}.Release|Mixed Platforms.Build.0 = Release|Any CPU
		{726CA0FB-70E7-44F3-9FCA-E703598BFC7E}.Release|x86.ActiveCfg = Release|Any CPU
		{69101D48-A062-4AF0-96E1-21F7AF38D2B4}.CodeAnalysis|Any CPU.ActiveCfg = Release|Any CPU
		{69101D48-A062-4AF0-96E1-21F7AF38D2B4}.CodeAnalysis|Any CPU.Build.0 = Release|Any CPU
		{69101D48-A062-4AF0-96E1-21F7AF38D2B4}.CodeAnalysis|Mixed Platforms.ActiveCfg = Release|Any CPU
		{69101D48-A062-4AF0-96E1-21F7AF38D2B4}.CodeAnalysis|Mixed Platforms.Build.0 = Release|Any CPU
		{69101D48-A062-4AF0-96E1-21F7AF38D2B4}.CodeAnalysis|x86.ActiveCfg = Release|Any CPU
		{69101D48-A062-4AF0-96E1-21F7AF38D2B4}.Debug|Any CPU.ActiveCfg = Debug|Any CPU
		{69101D48-A062-4AF0-96E1-21F7AF38D2B4}.Debug|Any CPU.Build.0 = Debug|Any CPU
		{69101D48-A062-4AF0-96E1-21F7AF38D2B4}.Debug|Mixed Platforms.ActiveCfg = Debug|Any CPU
		{69101D48-A062-4AF0-96E1-21F7AF38D2B4}.Debug|Mixed Platforms.Build.0 = Debug|Any CPU
		{69101D48-A062-4AF0-96E1-21F7AF38D2B4}.Debug|x86.ActiveCfg = Debug|Any CPU
		{69101D48-A062-4AF0-96E1-21F7AF38D2B4}.Release|Any CPU.ActiveCfg = Release|Any CPU
		{69101D48-A062-4AF0-96E1-21F7AF38D2B4}.Release|Any CPU.Build.0 = Release|Any CPU
		{69101D48-A062-4AF0-96E1-21F7AF38D2B4}.Release|Mixed Platforms.ActiveCfg = Release|Any CPU
		{69101D48-A062-4AF0-96E1-21F7AF38D2B4}.Release|Mixed Platforms.Build.0 = Release|Any CPU
		{69101D48-A062-4AF0-96E1-21F7AF38D2B4}.Release|x86.ActiveCfg = Release|Any CPU
		{91BDF488-0921-4969-8A53-32169338D8DB}.CodeAnalysis|Any CPU.ActiveCfg = Release|Any CPU
		{91BDF488-0921-4969-8A53-32169338D8DB}.CodeAnalysis|Any CPU.Build.0 = Release|Any CPU
		{91BDF488-0921-4969-8A53-32169338D8DB}.CodeAnalysis|Mixed Platforms.ActiveCfg = Release|Any CPU
		{91BDF488-0921-4969-8A53-32169338D8DB}.CodeAnalysis|Mixed Platforms.Build.0 = Release|Any CPU
		{91BDF488-0921-4969-8A53-32169338D8DB}.CodeAnalysis|x86.ActiveCfg = Release|Any CPU
		{91BDF488-0921-4969-8A53-32169338D8DB}.Debug|Any CPU.ActiveCfg = Debug|Any CPU
		{91BDF488-0921-4969-8A53-32169338D8DB}.Debug|Any CPU.Build.0 = Debug|Any CPU
		{91BDF488-0921-4969-8A53-32169338D8DB}.Debug|Mixed Platforms.ActiveCfg = Debug|Any CPU
		{91BDF488-0921-4969-8A53-32169338D8DB}.Debug|Mixed Platforms.Build.0 = Debug|Any CPU
		{91BDF488-0921-4969-8A53-32169338D8DB}.Debug|x86.ActiveCfg = Debug|Any CPU
		{91BDF488-0921-4969-8A53-32169338D8DB}.Release|Any CPU.ActiveCfg = Release|Any CPU
		{91BDF488-0921-4969-8A53-32169338D8DB}.Release|Any CPU.Build.0 = Release|Any CPU
		{91BDF488-0921-4969-8A53-32169338D8DB}.Release|Mixed Platforms.ActiveCfg = Release|Any CPU
		{91BDF488-0921-4969-8A53-32169338D8DB}.Release|Mixed Platforms.Build.0 = Release|Any CPU
		{91BDF488-0921-4969-8A53-32169338D8DB}.Release|x86.ActiveCfg = Release|Any CPU
		{BB7E5668-1B43-4FCE-A832-444CC57FEE80}.CodeAnalysis|Any CPU.ActiveCfg = Release|Any CPU
		{BB7E5668-1B43-4FCE-A832-444CC57FEE80}.CodeAnalysis|Any CPU.Build.0 = Release|Any CPU
		{BB7E5668-1B43-4FCE-A832-444CC57FEE80}.CodeAnalysis|Mixed Platforms.ActiveCfg = Release|Any CPU
		{BB7E5668-1B43-4FCE-A832-444CC57FEE80}.CodeAnalysis|Mixed Platforms.Build.0 = Release|Any CPU
		{BB7E5668-1B43-4FCE-A832-444CC57FEE80}.CodeAnalysis|x86.ActiveCfg = Release|Any CPU
		{BB7E5668-1B43-4FCE-A832-444CC57FEE80}.Debug|Any CPU.ActiveCfg = Debug|Any CPU
		{BB7E5668-1B43-4FCE-A832-444CC57FEE80}.Debug|Any CPU.Build.0 = Debug|Any CPU
		{BB7E5668-1B43-4FCE-A832-444CC57FEE80}.Debug|Mixed Platforms.ActiveCfg = Debug|Any CPU
		{BB7E5668-1B43-4FCE-A832-444CC57FEE80}.Debug|Mixed Platforms.Build.0 = Debug|Any CPU
		{BB7E5668-1B43-4FCE-A832-444CC57FEE80}.Debug|x86.ActiveCfg = Debug|Any CPU
		{BB7E5668-1B43-4FCE-A832-444CC57FEE80}.Release|Any CPU.ActiveCfg = Release|Any CPU
		{BB7E5668-1B43-4FCE-A832-444CC57FEE80}.Release|Any CPU.Build.0 = Release|Any CPU
		{BB7E5668-1B43-4FCE-A832-444CC57FEE80}.Release|Mixed Platforms.ActiveCfg = Release|Any CPU
		{BB7E5668-1B43-4FCE-A832-444CC57FEE80}.Release|Mixed Platforms.Build.0 = Release|Any CPU
		{BB7E5668-1B43-4FCE-A832-444CC57FEE80}.Release|x86.ActiveCfg = Release|Any CPU
		{8C9F1C24-2D9C-420B-9787-3FCAD96C5B3E}.CodeAnalysis|Any CPU.ActiveCfg = Release|Any CPU
		{8C9F1C24-2D9C-420B-9787-3FCAD96C5B3E}.CodeAnalysis|Any CPU.Build.0 = Release|Any CPU
		{8C9F1C24-2D9C-420B-9787-3FCAD96C5B3E}.CodeAnalysis|Mixed Platforms.ActiveCfg = Release|Any CPU
		{8C9F1C24-2D9C-420B-9787-3FCAD96C5B3E}.CodeAnalysis|Mixed Platforms.Build.0 = Release|Any CPU
		{8C9F1C24-2D9C-420B-9787-3FCAD96C5B3E}.CodeAnalysis|x86.ActiveCfg = Release|Any CPU
		{8C9F1C24-2D9C-420B-9787-3FCAD96C5B3E}.Debug|Any CPU.ActiveCfg = Debug|Any CPU
		{8C9F1C24-2D9C-420B-9787-3FCAD96C5B3E}.Debug|Any CPU.Build.0 = Debug|Any CPU
		{8C9F1C24-2D9C-420B-9787-3FCAD96C5B3E}.Debug|Mixed Platforms.ActiveCfg = Debug|Any CPU
		{8C9F1C24-2D9C-420B-9787-3FCAD96C5B3E}.Debug|Mixed Platforms.Build.0 = Debug|Any CPU
		{8C9F1C24-2D9C-420B-9787-3FCAD96C5B3E}.Debug|x86.ActiveCfg = Debug|Any CPU
		{8C9F1C24-2D9C-420B-9787-3FCAD96C5B3E}.Release|Any CPU.ActiveCfg = Release|Any CPU
		{8C9F1C24-2D9C-420B-9787-3FCAD96C5B3E}.Release|Any CPU.Build.0 = Release|Any CPU
		{8C9F1C24-2D9C-420B-9787-3FCAD96C5B3E}.Release|Mixed Platforms.ActiveCfg = Release|Any CPU
		{8C9F1C24-2D9C-420B-9787-3FCAD96C5B3E}.Release|Mixed Platforms.Build.0 = Release|Any CPU
		{8C9F1C24-2D9C-420B-9787-3FCAD96C5B3E}.Release|x86.ActiveCfg = Release|Any CPU
		{52B9E0EB-F4D1-4CA5-9239-93917DC76E2B}.CodeAnalysis|Any CPU.ActiveCfg = Release|Any CPU
		{52B9E0EB-F4D1-4CA5-9239-93917DC76E2B}.CodeAnalysis|Any CPU.Build.0 = Release|Any CPU
		{52B9E0EB-F4D1-4CA5-9239-93917DC76E2B}.CodeAnalysis|Mixed Platforms.ActiveCfg = Release|Any CPU
		{52B9E0EB-F4D1-4CA5-9239-93917DC76E2B}.CodeAnalysis|Mixed Platforms.Build.0 = Release|Any CPU
		{52B9E0EB-F4D1-4CA5-9239-93917DC76E2B}.CodeAnalysis|x86.ActiveCfg = Release|Any CPU
		{52B9E0EB-F4D1-4CA5-9239-93917DC76E2B}.Debug|Any CPU.ActiveCfg = Debug|Any CPU
		{52B9E0EB-F4D1-4CA5-9239-93917DC76E2B}.Debug|Any CPU.Build.0 = Debug|Any CPU
		{52B9E0EB-F4D1-4CA5-9239-93917DC76E2B}.Debug|Mixed Platforms.ActiveCfg = Debug|Any CPU
		{52B9E0EB-F4D1-4CA5-9239-93917DC76E2B}.Debug|Mixed Platforms.Build.0 = Debug|Any CPU
		{52B9E0EB-F4D1-4CA5-9239-93917DC76E2B}.Debug|x86.ActiveCfg = Debug|Any CPU
		{52B9E0EB-F4D1-4CA5-9239-93917DC76E2B}.Release|Any CPU.ActiveCfg = Release|Any CPU
		{52B9E0EB-F4D1-4CA5-9239-93917DC76E2B}.Release|Any CPU.Build.0 = Release|Any CPU
		{52B9E0EB-F4D1-4CA5-9239-93917DC76E2B}.Release|Mixed Platforms.ActiveCfg = Release|Any CPU
		{52B9E0EB-F4D1-4CA5-9239-93917DC76E2B}.Release|Mixed Platforms.Build.0 = Release|Any CPU
		{52B9E0EB-F4D1-4CA5-9239-93917DC76E2B}.Release|x86.ActiveCfg = Release|Any CPU
		{32D57085-6113-43F9-A505-D8B311BD6204}.CodeAnalysis|Any CPU.ActiveCfg = Release|Any CPU
		{32D57085-6113-43F9-A505-D8B311BD6204}.CodeAnalysis|Any CPU.Build.0 = Release|Any CPU
		{32D57085-6113-43F9-A505-D8B311BD6204}.CodeAnalysis|Mixed Platforms.ActiveCfg = Release|Any CPU
		{32D57085-6113-43F9-A505-D8B311BD6204}.CodeAnalysis|Mixed Platforms.Build.0 = Release|Any CPU
		{32D57085-6113-43F9-A505-D8B311BD6204}.CodeAnalysis|x86.ActiveCfg = Release|Any CPU
		{32D57085-6113-43F9-A505-D8B311BD6204}.CodeAnalysis|x86.Build.0 = Release|Any CPU
		{32D57085-6113-43F9-A505-D8B311BD6204}.Debug|Any CPU.ActiveCfg = Debug|Any CPU
		{32D57085-6113-43F9-A505-D8B311BD6204}.Debug|Any CPU.Build.0 = Debug|Any CPU
		{32D57085-6113-43F9-A505-D8B311BD6204}.Debug|Mixed Platforms.ActiveCfg = Debug|Any CPU
		{32D57085-6113-43F9-A505-D8B311BD6204}.Debug|Mixed Platforms.Build.0 = Debug|Any CPU
		{32D57085-6113-43F9-A505-D8B311BD6204}.Debug|x86.ActiveCfg = Debug|Any CPU
		{32D57085-6113-43F9-A505-D8B311BD6204}.Release|Any CPU.ActiveCfg = Release|Any CPU
		{32D57085-6113-43F9-A505-D8B311BD6204}.Release|Any CPU.Build.0 = Release|Any CPU
		{32D57085-6113-43F9-A505-D8B311BD6204}.Release|Mixed Platforms.ActiveCfg = Release|Any CPU
		{32D57085-6113-43F9-A505-D8B311BD6204}.Release|Mixed Platforms.Build.0 = Release|Any CPU
		{32D57085-6113-43F9-A505-D8B311BD6204}.Release|x86.ActiveCfg = Release|Any CPU
		{98F36936-5842-49CF-BACF-61119AC7BF3E}.CodeAnalysis|Any CPU.ActiveCfg = Release|Any CPU
		{98F36936-5842-49CF-BACF-61119AC7BF3E}.CodeAnalysis|Any CPU.Build.0 = Release|Any CPU
		{98F36936-5842-49CF-BACF-61119AC7BF3E}.CodeAnalysis|Mixed Platforms.ActiveCfg = Release|Any CPU
		{98F36936-5842-49CF-BACF-61119AC7BF3E}.CodeAnalysis|Mixed Platforms.Build.0 = Release|Any CPU
		{98F36936-5842-49CF-BACF-61119AC7BF3E}.CodeAnalysis|x86.ActiveCfg = Release|Any CPU
		{98F36936-5842-49CF-BACF-61119AC7BF3E}.CodeAnalysis|x86.Build.0 = Release|Any CPU
		{98F36936-5842-49CF-BACF-61119AC7BF3E}.Debug|Any CPU.ActiveCfg = Debug|Any CPU
		{98F36936-5842-49CF-BACF-61119AC7BF3E}.Debug|Any CPU.Build.0 = Debug|Any CPU
		{98F36936-5842-49CF-BACF-61119AC7BF3E}.Debug|Mixed Platforms.ActiveCfg = Debug|Any CPU
		{98F36936-5842-49CF-BACF-61119AC7BF3E}.Debug|Mixed Platforms.Build.0 = Debug|Any CPU
		{98F36936-5842-49CF-BACF-61119AC7BF3E}.Debug|x86.ActiveCfg = Debug|Any CPU
		{98F36936-5842-49CF-BACF-61119AC7BF3E}.Release|Any CPU.ActiveCfg = Release|Any CPU
		{98F36936-5842-49CF-BACF-61119AC7BF3E}.Release|Any CPU.Build.0 = Release|Any CPU
		{98F36936-5842-49CF-BACF-61119AC7BF3E}.Release|Mixed Platforms.ActiveCfg = Release|Any CPU
		{98F36936-5842-49CF-BACF-61119AC7BF3E}.Release|Mixed Platforms.Build.0 = Release|Any CPU
		{98F36936-5842-49CF-BACF-61119AC7BF3E}.Release|x86.ActiveCfg = Release|Any CPU
		{24BC6B74-703A-4AAF-99C3-B5CD760F3D22}.CodeAnalysis|Any CPU.ActiveCfg = Release|Any CPU
		{24BC6B74-703A-4AAF-99C3-B5CD760F3D22}.CodeAnalysis|Any CPU.Build.0 = Release|Any CPU
		{24BC6B74-703A-4AAF-99C3-B5CD760F3D22}.CodeAnalysis|Mixed Platforms.ActiveCfg = Release|Any CPU
		{24BC6B74-703A-4AAF-99C3-B5CD760F3D22}.CodeAnalysis|Mixed Platforms.Build.0 = Release|Any CPU
		{24BC6B74-703A-4AAF-99C3-B5CD760F3D22}.CodeAnalysis|x86.ActiveCfg = Release|Any CPU
		{24BC6B74-703A-4AAF-99C3-B5CD760F3D22}.CodeAnalysis|x86.Build.0 = Release|Any CPU
		{24BC6B74-703A-4AAF-99C3-B5CD760F3D22}.Debug|Any CPU.ActiveCfg = Debug|Any CPU
		{24BC6B74-703A-4AAF-99C3-B5CD760F3D22}.Debug|Any CPU.Build.0 = Debug|Any CPU
		{24BC6B74-703A-4AAF-99C3-B5CD760F3D22}.Debug|Mixed Platforms.ActiveCfg = Debug|Any CPU
		{24BC6B74-703A-4AAF-99C3-B5CD760F3D22}.Debug|Mixed Platforms.Build.0 = Debug|Any CPU
		{24BC6B74-703A-4AAF-99C3-B5CD760F3D22}.Debug|x86.ActiveCfg = Debug|Any CPU
		{24BC6B74-703A-4AAF-99C3-B5CD760F3D22}.Release|Any CPU.ActiveCfg = Release|Any CPU
		{24BC6B74-703A-4AAF-99C3-B5CD760F3D22}.Release|Any CPU.Build.0 = Release|Any CPU
		{24BC6B74-703A-4AAF-99C3-B5CD760F3D22}.Release|Mixed Platforms.ActiveCfg = Release|Any CPU
		{24BC6B74-703A-4AAF-99C3-B5CD760F3D22}.Release|Mixed Platforms.Build.0 = Release|Any CPU
		{24BC6B74-703A-4AAF-99C3-B5CD760F3D22}.Release|x86.ActiveCfg = Release|Any CPU
		{8E1D4ACD-B1AA-433F-9E52-FA50D4A1C9DC}.CodeAnalysis|Any CPU.ActiveCfg = Release|Any CPU
		{8E1D4ACD-B1AA-433F-9E52-FA50D4A1C9DC}.CodeAnalysis|Any CPU.Build.0 = Release|Any CPU
		{8E1D4ACD-B1AA-433F-9E52-FA50D4A1C9DC}.CodeAnalysis|Mixed Platforms.ActiveCfg = Release|Any CPU
		{8E1D4ACD-B1AA-433F-9E52-FA50D4A1C9DC}.CodeAnalysis|Mixed Platforms.Build.0 = Release|Any CPU
		{8E1D4ACD-B1AA-433F-9E52-FA50D4A1C9DC}.CodeAnalysis|x86.ActiveCfg = Release|Any CPU
		{8E1D4ACD-B1AA-433F-9E52-FA50D4A1C9DC}.Debug|Any CPU.ActiveCfg = Debug|Any CPU
		{8E1D4ACD-B1AA-433F-9E52-FA50D4A1C9DC}.Debug|Any CPU.Build.0 = Debug|Any CPU
		{8E1D4ACD-B1AA-433F-9E52-FA50D4A1C9DC}.Debug|Mixed Platforms.ActiveCfg = Debug|Any CPU
		{8E1D4ACD-B1AA-433F-9E52-FA50D4A1C9DC}.Debug|Mixed Platforms.Build.0 = Debug|Any CPU
		{8E1D4ACD-B1AA-433F-9E52-FA50D4A1C9DC}.Debug|x86.ActiveCfg = Debug|Any CPU
		{8E1D4ACD-B1AA-433F-9E52-FA50D4A1C9DC}.Release|Any CPU.ActiveCfg = Release|Any CPU
		{8E1D4ACD-B1AA-433F-9E52-FA50D4A1C9DC}.Release|Any CPU.Build.0 = Release|Any CPU
		{8E1D4ACD-B1AA-433F-9E52-FA50D4A1C9DC}.Release|Mixed Platforms.ActiveCfg = Release|Any CPU
		{8E1D4ACD-B1AA-433F-9E52-FA50D4A1C9DC}.Release|Mixed Platforms.Build.0 = Release|Any CPU
		{8E1D4ACD-B1AA-433F-9E52-FA50D4A1C9DC}.Release|x86.ActiveCfg = Release|Any CPU
		{F3480D1E-1C20-448D-B2F6-133472CEEB93}.CodeAnalysis|Any CPU.ActiveCfg = Release|Any CPU
		{F3480D1E-1C20-448D-B2F6-133472CEEB93}.CodeAnalysis|Any CPU.Build.0 = Release|Any CPU
		{F3480D1E-1C20-448D-B2F6-133472CEEB93}.CodeAnalysis|Mixed Platforms.ActiveCfg = Release|Any CPU
		{F3480D1E-1C20-448D-B2F6-133472CEEB93}.CodeAnalysis|Mixed Platforms.Build.0 = Release|Any CPU
		{F3480D1E-1C20-448D-B2F6-133472CEEB93}.CodeAnalysis|x86.ActiveCfg = Release|Any CPU
		{F3480D1E-1C20-448D-B2F6-133472CEEB93}.Debug|Any CPU.ActiveCfg = Debug|Any CPU
		{F3480D1E-1C20-448D-B2F6-133472CEEB93}.Debug|Any CPU.Build.0 = Debug|Any CPU
		{F3480D1E-1C20-448D-B2F6-133472CEEB93}.Debug|Mixed Platforms.ActiveCfg = Debug|Any CPU
		{F3480D1E-1C20-448D-B2F6-133472CEEB93}.Debug|Mixed Platforms.Build.0 = Debug|Any CPU
		{F3480D1E-1C20-448D-B2F6-133472CEEB93}.Debug|x86.ActiveCfg = Debug|Any CPU
		{F3480D1E-1C20-448D-B2F6-133472CEEB93}.Release|Any CPU.ActiveCfg = Release|Any CPU
		{F3480D1E-1C20-448D-B2F6-133472CEEB93}.Release|Any CPU.Build.0 = Release|Any CPU
		{F3480D1E-1C20-448D-B2F6-133472CEEB93}.Release|Mixed Platforms.ActiveCfg = Release|Any CPU
		{F3480D1E-1C20-448D-B2F6-133472CEEB93}.Release|Mixed Platforms.Build.0 = Release|Any CPU
		{F3480D1E-1C20-448D-B2F6-133472CEEB93}.Release|x86.ActiveCfg = Release|Any CPU
		{6FA98D51-A0B6-4E5F-8C78-0D369DDD6DCC}.CodeAnalysis|Any CPU.ActiveCfg = Release|Any CPU
		{6FA98D51-A0B6-4E5F-8C78-0D369DDD6DCC}.CodeAnalysis|Any CPU.Build.0 = Release|Any CPU
		{6FA98D51-A0B6-4E5F-8C78-0D369DDD6DCC}.CodeAnalysis|Mixed Platforms.ActiveCfg = Release|Any CPU
		{6FA98D51-A0B6-4E5F-8C78-0D369DDD6DCC}.CodeAnalysis|Mixed Platforms.Build.0 = Release|Any CPU
		{6FA98D51-A0B6-4E5F-8C78-0D369DDD6DCC}.CodeAnalysis|x86.ActiveCfg = Release|Any CPU
		{6FA98D51-A0B6-4E5F-8C78-0D369DDD6DCC}.Debug|Any CPU.ActiveCfg = Debug|Any CPU
		{6FA98D51-A0B6-4E5F-8C78-0D369DDD6DCC}.Debug|Any CPU.Build.0 = Debug|Any CPU
		{6FA98D51-A0B6-4E5F-8C78-0D369DDD6DCC}.Debug|Mixed Platforms.ActiveCfg = Debug|Any CPU
		{6FA98D51-A0B6-4E5F-8C78-0D369DDD6DCC}.Debug|Mixed Platforms.Build.0 = Debug|Any CPU
		{6FA98D51-A0B6-4E5F-8C78-0D369DDD6DCC}.Debug|x86.ActiveCfg = Debug|Any CPU
		{6FA98D51-A0B6-4E5F-8C78-0D369DDD6DCC}.Release|Any CPU.ActiveCfg = Release|Any CPU
		{6FA98D51-A0B6-4E5F-8C78-0D369DDD6DCC}.Release|Any CPU.Build.0 = Release|Any CPU
		{6FA98D51-A0B6-4E5F-8C78-0D369DDD6DCC}.Release|Mixed Platforms.ActiveCfg = Release|Any CPU
		{6FA98D51-A0B6-4E5F-8C78-0D369DDD6DCC}.Release|Mixed Platforms.Build.0 = Release|Any CPU
		{6FA98D51-A0B6-4E5F-8C78-0D369DDD6DCC}.Release|x86.ActiveCfg = Release|Any CPU
		{759CEA3C-1CD0-449C-977E-102CE308F4DE}.CodeAnalysis|Any CPU.ActiveCfg = CodeAnalysis|Any CPU
		{759CEA3C-1CD0-449C-977E-102CE308F4DE}.CodeAnalysis|Any CPU.Build.0 = CodeAnalysis|Any CPU
		{759CEA3C-1CD0-449C-977E-102CE308F4DE}.CodeAnalysis|Mixed Platforms.ActiveCfg = CodeAnalysis|Any CPU
		{759CEA3C-1CD0-449C-977E-102CE308F4DE}.CodeAnalysis|Mixed Platforms.Build.0 = CodeAnalysis|Any CPU
		{759CEA3C-1CD0-449C-977E-102CE308F4DE}.CodeAnalysis|x86.ActiveCfg = CodeAnalysis|Any CPU
		{759CEA3C-1CD0-449C-977E-102CE308F4DE}.Debug|Any CPU.ActiveCfg = Debug|Any CPU
		{759CEA3C-1CD0-449C-977E-102CE308F4DE}.Debug|Any CPU.Build.0 = Debug|Any CPU
		{759CEA3C-1CD0-449C-977E-102CE308F4DE}.Debug|Mixed Platforms.ActiveCfg = Debug|Any CPU
		{759CEA3C-1CD0-449C-977E-102CE308F4DE}.Debug|Mixed Platforms.Build.0 = Debug|Any CPU
		{759CEA3C-1CD0-449C-977E-102CE308F4DE}.Debug|x86.ActiveCfg = Debug|Any CPU
		{759CEA3C-1CD0-449C-977E-102CE308F4DE}.Release|Any CPU.ActiveCfg = Release|Any CPU
		{759CEA3C-1CD0-449C-977E-102CE308F4DE}.Release|Any CPU.Build.0 = Release|Any CPU
		{759CEA3C-1CD0-449C-977E-102CE308F4DE}.Release|Mixed Platforms.ActiveCfg = Release|Any CPU
		{759CEA3C-1CD0-449C-977E-102CE308F4DE}.Release|Mixed Platforms.Build.0 = Release|Any CPU
		{759CEA3C-1CD0-449C-977E-102CE308F4DE}.Release|x86.ActiveCfg = Release|Any CPU
		{43BA178B-7642-473C-A43A-DBF58294635A}.CodeAnalysis|Any CPU.ActiveCfg = Release|Any CPU
		{43BA178B-7642-473C-A43A-DBF58294635A}.CodeAnalysis|Any CPU.Build.0 = Release|Any CPU
		{43BA178B-7642-473C-A43A-DBF58294635A}.CodeAnalysis|Mixed Platforms.ActiveCfg = Release|Any CPU
		{43BA178B-7642-473C-A43A-DBF58294635A}.CodeAnalysis|Mixed Platforms.Build.0 = Release|Any CPU
		{43BA178B-7642-473C-A43A-DBF58294635A}.CodeAnalysis|x86.ActiveCfg = Release|Any CPU
		{43BA178B-7642-473C-A43A-DBF58294635A}.Debug|Any CPU.ActiveCfg = Debug|Any CPU
		{43BA178B-7642-473C-A43A-DBF58294635A}.Debug|Any CPU.Build.0 = Debug|Any CPU
		{43BA178B-7642-473C-A43A-DBF58294635A}.Debug|Mixed Platforms.ActiveCfg = Debug|Any CPU
		{43BA178B-7642-473C-A43A-DBF58294635A}.Debug|Mixed Platforms.Build.0 = Debug|Any CPU
		{43BA178B-7642-473C-A43A-DBF58294635A}.Debug|x86.ActiveCfg = Debug|Any CPU
		{43BA178B-7642-473C-A43A-DBF58294635A}.Release|Any CPU.ActiveCfg = Release|Any CPU
		{43BA178B-7642-473C-A43A-DBF58294635A}.Release|Any CPU.Build.0 = Release|Any CPU
		{43BA178B-7642-473C-A43A-DBF58294635A}.Release|Mixed Platforms.ActiveCfg = Release|Any CPU
		{43BA178B-7642-473C-A43A-DBF58294635A}.Release|Mixed Platforms.Build.0 = Release|Any CPU
		{43BA178B-7642-473C-A43A-DBF58294635A}.Release|x86.ActiveCfg = Release|Any CPU
		{507C5738-8738-462A-9BAC-C0C98CE88D93}.CodeAnalysis|Any CPU.ActiveCfg = Release|Any CPU
		{507C5738-8738-462A-9BAC-C0C98CE88D93}.CodeAnalysis|Any CPU.Build.0 = Release|Any CPU
		{507C5738-8738-462A-9BAC-C0C98CE88D93}.CodeAnalysis|Mixed Platforms.ActiveCfg = Release|Any CPU
		{507C5738-8738-462A-9BAC-C0C98CE88D93}.CodeAnalysis|Mixed Platforms.Build.0 = Release|Any CPU
		{507C5738-8738-462A-9BAC-C0C98CE88D93}.CodeAnalysis|x86.ActiveCfg = Release|Any CPU
		{507C5738-8738-462A-9BAC-C0C98CE88D93}.CodeAnalysis|x86.Build.0 = Release|Any CPU
		{507C5738-8738-462A-9BAC-C0C98CE88D93}.Debug|Any CPU.ActiveCfg = Debug|Any CPU
		{507C5738-8738-462A-9BAC-C0C98CE88D93}.Debug|Any CPU.Build.0 = Debug|Any CPU
		{507C5738-8738-462A-9BAC-C0C98CE88D93}.Debug|Mixed Platforms.ActiveCfg = Debug|Any CPU
		{507C5738-8738-462A-9BAC-C0C98CE88D93}.Debug|Mixed Platforms.Build.0 = Debug|Any CPU
		{507C5738-8738-462A-9BAC-C0C98CE88D93}.Debug|x86.ActiveCfg = Debug|Any CPU
		{507C5738-8738-462A-9BAC-C0C98CE88D93}.Release|Any CPU.ActiveCfg = Release|Any CPU
		{507C5738-8738-462A-9BAC-C0C98CE88D93}.Release|Any CPU.Build.0 = Release|Any CPU
		{507C5738-8738-462A-9BAC-C0C98CE88D93}.Release|Mixed Platforms.ActiveCfg = Release|Any CPU
		{507C5738-8738-462A-9BAC-C0C98CE88D93}.Release|Mixed Platforms.Build.0 = Release|Any CPU
		{507C5738-8738-462A-9BAC-C0C98CE88D93}.Release|x86.ActiveCfg = Release|Any CPU
		{DE021676-A95F-4F64-9FC3-F23C1BB946B5}.CodeAnalysis|Any CPU.ActiveCfg = Release|Any CPU
		{DE021676-A95F-4F64-9FC3-F23C1BB946B5}.CodeAnalysis|Any CPU.Build.0 = Release|Any CPU
		{DE021676-A95F-4F64-9FC3-F23C1BB946B5}.CodeAnalysis|Mixed Platforms.ActiveCfg = Release|Any CPU
		{DE021676-A95F-4F64-9FC3-F23C1BB946B5}.CodeAnalysis|Mixed Platforms.Build.0 = Release|Any CPU
		{DE021676-A95F-4F64-9FC3-F23C1BB946B5}.CodeAnalysis|x86.ActiveCfg = Release|Any CPU
		{DE021676-A95F-4F64-9FC3-F23C1BB946B5}.Debug|Any CPU.ActiveCfg = Debug|Any CPU
		{DE021676-A95F-4F64-9FC3-F23C1BB946B5}.Debug|Any CPU.Build.0 = Debug|Any CPU
		{DE021676-A95F-4F64-9FC3-F23C1BB946B5}.Debug|Mixed Platforms.ActiveCfg = Debug|Any CPU
		{DE021676-A95F-4F64-9FC3-F23C1BB946B5}.Debug|Mixed Platforms.Build.0 = Debug|Any CPU
		{DE021676-A95F-4F64-9FC3-F23C1BB946B5}.Debug|x86.ActiveCfg = Debug|Any CPU
		{DE021676-A95F-4F64-9FC3-F23C1BB946B5}.Release|Any CPU.ActiveCfg = Release|Any CPU
		{DE021676-A95F-4F64-9FC3-F23C1BB946B5}.Release|Any CPU.Build.0 = Release|Any CPU
		{DE021676-A95F-4F64-9FC3-F23C1BB946B5}.Release|Mixed Platforms.ActiveCfg = Release|Any CPU
		{DE021676-A95F-4F64-9FC3-F23C1BB946B5}.Release|Mixed Platforms.Build.0 = Release|Any CPU
		{DE021676-A95F-4F64-9FC3-F23C1BB946B5}.Release|x86.ActiveCfg = Release|Any CPU
		{F395C923-6001-478D-9EFF-F28A51F62BE4}.CodeAnalysis|Any CPU.ActiveCfg = Release|Any CPU
		{F395C923-6001-478D-9EFF-F28A51F62BE4}.CodeAnalysis|Any CPU.Build.0 = Release|Any CPU
		{F395C923-6001-478D-9EFF-F28A51F62BE4}.CodeAnalysis|Mixed Platforms.ActiveCfg = Release|Any CPU
		{F395C923-6001-478D-9EFF-F28A51F62BE4}.CodeAnalysis|Mixed Platforms.Build.0 = Release|Any CPU
		{F395C923-6001-478D-9EFF-F28A51F62BE4}.CodeAnalysis|x86.ActiveCfg = Release|Any CPU
		{F395C923-6001-478D-9EFF-F28A51F62BE4}.Debug|Any CPU.ActiveCfg = Debug|Any CPU
		{F395C923-6001-478D-9EFF-F28A51F62BE4}.Debug|Any CPU.Build.0 = Debug|Any CPU
		{F395C923-6001-478D-9EFF-F28A51F62BE4}.Debug|Mixed Platforms.ActiveCfg = Debug|Any CPU
		{F395C923-6001-478D-9EFF-F28A51F62BE4}.Debug|Mixed Platforms.Build.0 = Debug|Any CPU
		{F395C923-6001-478D-9EFF-F28A51F62BE4}.Debug|x86.ActiveCfg = Debug|Any CPU
		{F395C923-6001-478D-9EFF-F28A51F62BE4}.Release|Any CPU.ActiveCfg = Release|Any CPU
		{F395C923-6001-478D-9EFF-F28A51F62BE4}.Release|Any CPU.Build.0 = Release|Any CPU
		{F395C923-6001-478D-9EFF-F28A51F62BE4}.Release|Mixed Platforms.ActiveCfg = Release|Any CPU
		{F395C923-6001-478D-9EFF-F28A51F62BE4}.Release|Mixed Platforms.Build.0 = Release|Any CPU
		{F395C923-6001-478D-9EFF-F28A51F62BE4}.Release|x86.ActiveCfg = Release|Any CPU
		{A7328BFA-A009-4F1E-B9A1-B51B2020F45C}.CodeAnalysis|Any CPU.ActiveCfg = Release|Any CPU
		{A7328BFA-A009-4F1E-B9A1-B51B2020F45C}.CodeAnalysis|Any CPU.Build.0 = Release|Any CPU
		{A7328BFA-A009-4F1E-B9A1-B51B2020F45C}.CodeAnalysis|Mixed Platforms.ActiveCfg = Release|Any CPU
		{A7328BFA-A009-4F1E-B9A1-B51B2020F45C}.CodeAnalysis|Mixed Platforms.Build.0 = Release|Any CPU
		{A7328BFA-A009-4F1E-B9A1-B51B2020F45C}.CodeAnalysis|x86.ActiveCfg = Release|Any CPU
		{A7328BFA-A009-4F1E-B9A1-B51B2020F45C}.Debug|Any CPU.ActiveCfg = Debug|Any CPU
		{A7328BFA-A009-4F1E-B9A1-B51B2020F45C}.Debug|Any CPU.Build.0 = Debug|Any CPU
		{A7328BFA-A009-4F1E-B9A1-B51B2020F45C}.Debug|Mixed Platforms.ActiveCfg = Debug|Any CPU
		{A7328BFA-A009-4F1E-B9A1-B51B2020F45C}.Debug|Mixed Platforms.Build.0 = Debug|Any CPU
		{A7328BFA-A009-4F1E-B9A1-B51B2020F45C}.Debug|x86.ActiveCfg = Debug|Any CPU
		{A7328BFA-A009-4F1E-B9A1-B51B2020F45C}.Release|Any CPU.ActiveCfg = Release|Any CPU
		{A7328BFA-A009-4F1E-B9A1-B51B2020F45C}.Release|Any CPU.Build.0 = Release|Any CPU
		{A7328BFA-A009-4F1E-B9A1-B51B2020F45C}.Release|Mixed Platforms.ActiveCfg = Release|Any CPU
		{A7328BFA-A009-4F1E-B9A1-B51B2020F45C}.Release|Mixed Platforms.Build.0 = Release|Any CPU
		{A7328BFA-A009-4F1E-B9A1-B51B2020F45C}.Release|x86.ActiveCfg = Release|Any CPU
		{4E20890A-3825-45D3-841F-4B6D234845ED}.CodeAnalysis|Any CPU.ActiveCfg = Release|Any CPU
		{4E20890A-3825-45D3-841F-4B6D234845ED}.CodeAnalysis|Any CPU.Build.0 = Release|Any CPU
		{4E20890A-3825-45D3-841F-4B6D234845ED}.CodeAnalysis|Mixed Platforms.ActiveCfg = Release|Any CPU
		{4E20890A-3825-45D3-841F-4B6D234845ED}.CodeAnalysis|Mixed Platforms.Build.0 = Release|Any CPU
		{4E20890A-3825-45D3-841F-4B6D234845ED}.CodeAnalysis|x86.ActiveCfg = Release|Any CPU
		{4E20890A-3825-45D3-841F-4B6D234845ED}.CodeAnalysis|x86.Build.0 = Release|Any CPU
		{4E20890A-3825-45D3-841F-4B6D234845ED}.Debug|Any CPU.ActiveCfg = Debug|Any CPU
		{4E20890A-3825-45D3-841F-4B6D234845ED}.Debug|Any CPU.Build.0 = Debug|Any CPU
		{4E20890A-3825-45D3-841F-4B6D234845ED}.Debug|Mixed Platforms.ActiveCfg = Debug|Any CPU
		{4E20890A-3825-45D3-841F-4B6D234845ED}.Debug|Mixed Platforms.Build.0 = Debug|Any CPU
		{4E20890A-3825-45D3-841F-4B6D234845ED}.Debug|x86.ActiveCfg = Debug|Any CPU
		{4E20890A-3825-45D3-841F-4B6D234845ED}.Debug|x86.Build.0 = Debug|Any CPU
		{4E20890A-3825-45D3-841F-4B6D234845ED}.Release|Any CPU.ActiveCfg = Release|Any CPU
		{4E20890A-3825-45D3-841F-4B6D234845ED}.Release|Any CPU.Build.0 = Release|Any CPU
		{4E20890A-3825-45D3-841F-4B6D234845ED}.Release|Mixed Platforms.ActiveCfg = Release|Any CPU
		{4E20890A-3825-45D3-841F-4B6D234845ED}.Release|Mixed Platforms.Build.0 = Release|Any CPU
		{4E20890A-3825-45D3-841F-4B6D234845ED}.Release|x86.ActiveCfg = Release|Any CPU
		{4E20890A-3825-45D3-841F-4B6D234845ED}.Release|x86.Build.0 = Release|Any CPU
		{70AF0F7A-492B-4C03-A6C0-73CF2DE5B474}.CodeAnalysis|Any CPU.ActiveCfg = Release|Any CPU
		{70AF0F7A-492B-4C03-A6C0-73CF2DE5B474}.CodeAnalysis|Any CPU.Build.0 = Release|Any CPU
		{70AF0F7A-492B-4C03-A6C0-73CF2DE5B474}.CodeAnalysis|Mixed Platforms.ActiveCfg = Release|Any CPU
		{70AF0F7A-492B-4C03-A6C0-73CF2DE5B474}.CodeAnalysis|Mixed Platforms.Build.0 = Release|Any CPU
		{70AF0F7A-492B-4C03-A6C0-73CF2DE5B474}.CodeAnalysis|x86.ActiveCfg = Release|Any CPU
		{70AF0F7A-492B-4C03-A6C0-73CF2DE5B474}.Debug|Any CPU.ActiveCfg = Debug|Any CPU
		{70AF0F7A-492B-4C03-A6C0-73CF2DE5B474}.Debug|Any CPU.Build.0 = Debug|Any CPU
		{70AF0F7A-492B-4C03-A6C0-73CF2DE5B474}.Debug|Mixed Platforms.ActiveCfg = Debug|Any CPU
		{70AF0F7A-492B-4C03-A6C0-73CF2DE5B474}.Debug|Mixed Platforms.Build.0 = Debug|Any CPU
		{70AF0F7A-492B-4C03-A6C0-73CF2DE5B474}.Debug|x86.ActiveCfg = Debug|Any CPU
		{70AF0F7A-492B-4C03-A6C0-73CF2DE5B474}.Release|Any CPU.ActiveCfg = Release|Any CPU
		{70AF0F7A-492B-4C03-A6C0-73CF2DE5B474}.Release|Any CPU.Build.0 = Release|Any CPU
		{70AF0F7A-492B-4C03-A6C0-73CF2DE5B474}.Release|Mixed Platforms.ActiveCfg = Release|Any CPU
		{70AF0F7A-492B-4C03-A6C0-73CF2DE5B474}.Release|Mixed Platforms.Build.0 = Release|Any CPU
		{70AF0F7A-492B-4C03-A6C0-73CF2DE5B474}.Release|x86.ActiveCfg = Release|Any CPU
		{6059035E-D06A-439E-AE7B-D8299DE1CD44}.CodeAnalysis|Any CPU.ActiveCfg = Release|Any CPU
		{6059035E-D06A-439E-AE7B-D8299DE1CD44}.CodeAnalysis|Any CPU.Build.0 = Release|Any CPU
		{6059035E-D06A-439E-AE7B-D8299DE1CD44}.CodeAnalysis|Mixed Platforms.ActiveCfg = Release|Any CPU
		{6059035E-D06A-439E-AE7B-D8299DE1CD44}.CodeAnalysis|Mixed Platforms.Build.0 = Release|Any CPU
		{6059035E-D06A-439E-AE7B-D8299DE1CD44}.CodeAnalysis|x86.ActiveCfg = Release|Any CPU
		{6059035E-D06A-439E-AE7B-D8299DE1CD44}.Debug|Any CPU.ActiveCfg = Debug|Any CPU
		{6059035E-D06A-439E-AE7B-D8299DE1CD44}.Debug|Any CPU.Build.0 = Debug|Any CPU
		{6059035E-D06A-439E-AE7B-D8299DE1CD44}.Debug|Mixed Platforms.ActiveCfg = Debug|Any CPU
		{6059035E-D06A-439E-AE7B-D8299DE1CD44}.Debug|Mixed Platforms.Build.0 = Debug|Any CPU
		{6059035E-D06A-439E-AE7B-D8299DE1CD44}.Debug|x86.ActiveCfg = Debug|Any CPU
		{6059035E-D06A-439E-AE7B-D8299DE1CD44}.Release|Any CPU.ActiveCfg = Release|Any CPU
		{6059035E-D06A-439E-AE7B-D8299DE1CD44}.Release|Any CPU.Build.0 = Release|Any CPU
		{6059035E-D06A-439E-AE7B-D8299DE1CD44}.Release|Mixed Platforms.ActiveCfg = Release|Any CPU
		{6059035E-D06A-439E-AE7B-D8299DE1CD44}.Release|Mixed Platforms.Build.0 = Release|Any CPU
		{6059035E-D06A-439E-AE7B-D8299DE1CD44}.Release|x86.ActiveCfg = Release|Any CPU
		{DB291A1A-BD71-4EEA-898A-7B353C7D1EF5}.CodeAnalysis|Any CPU.ActiveCfg = Release|Any CPU
		{DB291A1A-BD71-4EEA-898A-7B353C7D1EF5}.CodeAnalysis|Any CPU.Build.0 = Release|Any CPU
		{DB291A1A-BD71-4EEA-898A-7B353C7D1EF5}.CodeAnalysis|Mixed Platforms.ActiveCfg = Release|Any CPU
		{DB291A1A-BD71-4EEA-898A-7B353C7D1EF5}.CodeAnalysis|Mixed Platforms.Build.0 = Release|Any CPU
		{DB291A1A-BD71-4EEA-898A-7B353C7D1EF5}.CodeAnalysis|x86.ActiveCfg = Release|Any CPU
		{DB291A1A-BD71-4EEA-898A-7B353C7D1EF5}.CodeAnalysis|x86.Build.0 = Release|Any CPU
		{DB291A1A-BD71-4EEA-898A-7B353C7D1EF5}.Debug|Any CPU.ActiveCfg = Debug|Any CPU
		{DB291A1A-BD71-4EEA-898A-7B353C7D1EF5}.Debug|Any CPU.Build.0 = Debug|Any CPU
		{DB291A1A-BD71-4EEA-898A-7B353C7D1EF5}.Debug|Mixed Platforms.ActiveCfg = Debug|Any CPU
		{DB291A1A-BD71-4EEA-898A-7B353C7D1EF5}.Debug|Mixed Platforms.Build.0 = Debug|Any CPU
		{DB291A1A-BD71-4EEA-898A-7B353C7D1EF5}.Debug|x86.ActiveCfg = Debug|Any CPU
		{DB291A1A-BD71-4EEA-898A-7B353C7D1EF5}.Debug|x86.Build.0 = Debug|Any CPU
		{DB291A1A-BD71-4EEA-898A-7B353C7D1EF5}.Release|Any CPU.ActiveCfg = Release|Any CPU
		{DB291A1A-BD71-4EEA-898A-7B353C7D1EF5}.Release|Any CPU.Build.0 = Release|Any CPU
		{DB291A1A-BD71-4EEA-898A-7B353C7D1EF5}.Release|Mixed Platforms.ActiveCfg = Release|Any CPU
		{DB291A1A-BD71-4EEA-898A-7B353C7D1EF5}.Release|Mixed Platforms.Build.0 = Release|Any CPU
		{DB291A1A-BD71-4EEA-898A-7B353C7D1EF5}.Release|x86.ActiveCfg = Release|Any CPU
		{DB291A1A-BD71-4EEA-898A-7B353C7D1EF5}.Release|x86.Build.0 = Release|Any CPU
		{E428537F-9221-4FD0-B8DC-35FF6F0AA4D7}.CodeAnalysis|Any CPU.ActiveCfg = Release|Any CPU
		{E428537F-9221-4FD0-B8DC-35FF6F0AA4D7}.CodeAnalysis|Any CPU.Build.0 = Release|Any CPU
		{E428537F-9221-4FD0-B8DC-35FF6F0AA4D7}.CodeAnalysis|Mixed Platforms.ActiveCfg = Release|Any CPU
		{E428537F-9221-4FD0-B8DC-35FF6F0AA4D7}.CodeAnalysis|Mixed Platforms.Build.0 = Release|Any CPU
		{E428537F-9221-4FD0-B8DC-35FF6F0AA4D7}.CodeAnalysis|x86.ActiveCfg = Release|Any CPU
		{E428537F-9221-4FD0-B8DC-35FF6F0AA4D7}.Debug|Any CPU.ActiveCfg = Debug|Any CPU
		{E428537F-9221-4FD0-B8DC-35FF6F0AA4D7}.Debug|Any CPU.Build.0 = Debug|Any CPU
		{E428537F-9221-4FD0-B8DC-35FF6F0AA4D7}.Debug|Mixed Platforms.ActiveCfg = Debug|Any CPU
		{E428537F-9221-4FD0-B8DC-35FF6F0AA4D7}.Debug|Mixed Platforms.Build.0 = Debug|Any CPU
		{E428537F-9221-4FD0-B8DC-35FF6F0AA4D7}.Debug|x86.ActiveCfg = Debug|Any CPU
		{E428537F-9221-4FD0-B8DC-35FF6F0AA4D7}.Release|Any CPU.ActiveCfg = Release|Any CPU
		{E428537F-9221-4FD0-B8DC-35FF6F0AA4D7}.Release|Any CPU.Build.0 = Release|Any CPU
		{E428537F-9221-4FD0-B8DC-35FF6F0AA4D7}.Release|Mixed Platforms.ActiveCfg = Release|Any CPU
		{E428537F-9221-4FD0-B8DC-35FF6F0AA4D7}.Release|Mixed Platforms.Build.0 = Release|Any CPU
		{E428537F-9221-4FD0-B8DC-35FF6F0AA4D7}.Release|x86.ActiveCfg = Release|Any CPU
		{DB095801-E380-4CAF-B5F4-6F658ED3E5BE}.CodeAnalysis|Any CPU.ActiveCfg = Release|Any CPU
		{DB095801-E380-4CAF-B5F4-6F658ED3E5BE}.CodeAnalysis|Any CPU.Build.0 = Release|Any CPU
		{DB095801-E380-4CAF-B5F4-6F658ED3E5BE}.CodeAnalysis|Mixed Platforms.ActiveCfg = Release|Any CPU
		{DB095801-E380-4CAF-B5F4-6F658ED3E5BE}.CodeAnalysis|Mixed Platforms.Build.0 = Release|Any CPU
		{DB095801-E380-4CAF-B5F4-6F658ED3E5BE}.CodeAnalysis|x86.ActiveCfg = Release|Any CPU
		{DB095801-E380-4CAF-B5F4-6F658ED3E5BE}.Debug|Any CPU.ActiveCfg = Debug|Any CPU
		{DB095801-E380-4CAF-B5F4-6F658ED3E5BE}.Debug|Any CPU.Build.0 = Debug|Any CPU
		{DB095801-E380-4CAF-B5F4-6F658ED3E5BE}.Debug|Mixed Platforms.ActiveCfg = Debug|Any CPU
		{DB095801-E380-4CAF-B5F4-6F658ED3E5BE}.Debug|Mixed Platforms.Build.0 = Debug|Any CPU
		{DB095801-E380-4CAF-B5F4-6F658ED3E5BE}.Debug|x86.ActiveCfg = Debug|Any CPU
		{DB095801-E380-4CAF-B5F4-6F658ED3E5BE}.Release|Any CPU.ActiveCfg = Release|Any CPU
		{DB095801-E380-4CAF-B5F4-6F658ED3E5BE}.Release|Any CPU.Build.0 = Release|Any CPU
		{DB095801-E380-4CAF-B5F4-6F658ED3E5BE}.Release|Mixed Platforms.ActiveCfg = Release|Any CPU
		{DB095801-E380-4CAF-B5F4-6F658ED3E5BE}.Release|Mixed Platforms.Build.0 = Release|Any CPU
		{DB095801-E380-4CAF-B5F4-6F658ED3E5BE}.Release|x86.ActiveCfg = Release|Any CPU
		{A8495F67-2423-4E3C-82EE-FF69B6350B2F}.CodeAnalysis|Any CPU.ActiveCfg = Release|Any CPU
		{A8495F67-2423-4E3C-82EE-FF69B6350B2F}.CodeAnalysis|Any CPU.Build.0 = Release|Any CPU
		{A8495F67-2423-4E3C-82EE-FF69B6350B2F}.CodeAnalysis|Mixed Platforms.ActiveCfg = Release|Any CPU
		{A8495F67-2423-4E3C-82EE-FF69B6350B2F}.CodeAnalysis|Mixed Platforms.Build.0 = Release|Any CPU
		{A8495F67-2423-4E3C-82EE-FF69B6350B2F}.CodeAnalysis|x86.ActiveCfg = Release|Any CPU
		{A8495F67-2423-4E3C-82EE-FF69B6350B2F}.Debug|Any CPU.ActiveCfg = Debug|Any CPU
		{A8495F67-2423-4E3C-82EE-FF69B6350B2F}.Debug|Any CPU.Build.0 = Debug|Any CPU
		{A8495F67-2423-4E3C-82EE-FF69B6350B2F}.Debug|Mixed Platforms.ActiveCfg = Debug|Any CPU
		{A8495F67-2423-4E3C-82EE-FF69B6350B2F}.Debug|Mixed Platforms.Build.0 = Debug|Any CPU
		{A8495F67-2423-4E3C-82EE-FF69B6350B2F}.Debug|x86.ActiveCfg = Debug|Any CPU
		{A8495F67-2423-4E3C-82EE-FF69B6350B2F}.Release|Any CPU.ActiveCfg = Release|Any CPU
		{A8495F67-2423-4E3C-82EE-FF69B6350B2F}.Release|Any CPU.Build.0 = Release|Any CPU
		{A8495F67-2423-4E3C-82EE-FF69B6350B2F}.Release|Mixed Platforms.ActiveCfg = Release|Any CPU
		{A8495F67-2423-4E3C-82EE-FF69B6350B2F}.Release|Mixed Platforms.Build.0 = Release|Any CPU
		{A8495F67-2423-4E3C-82EE-FF69B6350B2F}.Release|x86.ActiveCfg = Release|Any CPU
		{A334FFFD-0400-4FEC-BC83-C044072C76A8}.CodeAnalysis|Any CPU.ActiveCfg = Release|Any CPU
		{A334FFFD-0400-4FEC-BC83-C044072C76A8}.CodeAnalysis|Any CPU.Build.0 = Release|Any CPU
		{A334FFFD-0400-4FEC-BC83-C044072C76A8}.CodeAnalysis|Mixed Platforms.ActiveCfg = Release|Any CPU
		{A334FFFD-0400-4FEC-BC83-C044072C76A8}.CodeAnalysis|Mixed Platforms.Build.0 = Release|Any CPU
		{A334FFFD-0400-4FEC-BC83-C044072C76A8}.CodeAnalysis|x86.ActiveCfg = Release|Any CPU
		{A334FFFD-0400-4FEC-BC83-C044072C76A8}.Debug|Any CPU.ActiveCfg = Debug|Any CPU
		{A334FFFD-0400-4FEC-BC83-C044072C76A8}.Debug|Any CPU.Build.0 = Debug|Any CPU
		{A334FFFD-0400-4FEC-BC83-C044072C76A8}.Debug|Mixed Platforms.ActiveCfg = Debug|Any CPU
		{A334FFFD-0400-4FEC-BC83-C044072C76A8}.Debug|Mixed Platforms.Build.0 = Debug|Any CPU
		{A334FFFD-0400-4FEC-BC83-C044072C76A8}.Debug|x86.ActiveCfg = Debug|Any CPU
		{A334FFFD-0400-4FEC-BC83-C044072C76A8}.Release|Any CPU.ActiveCfg = Release|Any CPU
		{A334FFFD-0400-4FEC-BC83-C044072C76A8}.Release|Any CPU.Build.0 = Release|Any CPU
		{A334FFFD-0400-4FEC-BC83-C044072C76A8}.Release|Mixed Platforms.ActiveCfg = Release|Any CPU
		{A334FFFD-0400-4FEC-BC83-C044072C76A8}.Release|Mixed Platforms.Build.0 = Release|Any CPU
		{A334FFFD-0400-4FEC-BC83-C044072C76A8}.Release|x86.ActiveCfg = Release|Any CPU
		{945537DC-4AF7-4DEF-B73C-07F19229EFE6}.CodeAnalysis|Any CPU.ActiveCfg = Release|Any CPU
		{945537DC-4AF7-4DEF-B73C-07F19229EFE6}.CodeAnalysis|Any CPU.Build.0 = Release|Any CPU
		{945537DC-4AF7-4DEF-B73C-07F19229EFE6}.CodeAnalysis|Mixed Platforms.ActiveCfg = Release|Any CPU
		{945537DC-4AF7-4DEF-B73C-07F19229EFE6}.CodeAnalysis|Mixed Platforms.Build.0 = Release|Any CPU
		{945537DC-4AF7-4DEF-B73C-07F19229EFE6}.CodeAnalysis|x86.ActiveCfg = Release|Any CPU
		{945537DC-4AF7-4DEF-B73C-07F19229EFE6}.Debug|Any CPU.ActiveCfg = Debug|Any CPU
		{945537DC-4AF7-4DEF-B73C-07F19229EFE6}.Debug|Any CPU.Build.0 = Debug|Any CPU
		{945537DC-4AF7-4DEF-B73C-07F19229EFE6}.Debug|Mixed Platforms.ActiveCfg = Debug|Any CPU
		{945537DC-4AF7-4DEF-B73C-07F19229EFE6}.Debug|Mixed Platforms.Build.0 = Debug|Any CPU
		{945537DC-4AF7-4DEF-B73C-07F19229EFE6}.Debug|x86.ActiveCfg = Debug|Any CPU
		{945537DC-4AF7-4DEF-B73C-07F19229EFE6}.Release|Any CPU.ActiveCfg = Release|Any CPU
		{945537DC-4AF7-4DEF-B73C-07F19229EFE6}.Release|Any CPU.Build.0 = Release|Any CPU
		{945537DC-4AF7-4DEF-B73C-07F19229EFE6}.Release|Mixed Platforms.ActiveCfg = Release|Any CPU
		{945537DC-4AF7-4DEF-B73C-07F19229EFE6}.Release|Mixed Platforms.Build.0 = Release|Any CPU
		{945537DC-4AF7-4DEF-B73C-07F19229EFE6}.Release|x86.ActiveCfg = Release|Any CPU
		{02415B9E-FB00-451D-8B1A-B4A3CE150F2D}.CodeAnalysis|Any CPU.ActiveCfg = Release|Any CPU
		{02415B9E-FB00-451D-8B1A-B4A3CE150F2D}.CodeAnalysis|Any CPU.Build.0 = Release|Any CPU
		{02415B9E-FB00-451D-8B1A-B4A3CE150F2D}.CodeAnalysis|Mixed Platforms.ActiveCfg = Release|Any CPU
		{02415B9E-FB00-451D-8B1A-B4A3CE150F2D}.CodeAnalysis|Mixed Platforms.Build.0 = Release|Any CPU
		{02415B9E-FB00-451D-8B1A-B4A3CE150F2D}.CodeAnalysis|x86.ActiveCfg = Release|Any CPU
		{02415B9E-FB00-451D-8B1A-B4A3CE150F2D}.Debug|Any CPU.ActiveCfg = Debug|Any CPU
		{02415B9E-FB00-451D-8B1A-B4A3CE150F2D}.Debug|Any CPU.Build.0 = Debug|Any CPU
		{02415B9E-FB00-451D-8B1A-B4A3CE150F2D}.Debug|Mixed Platforms.ActiveCfg = Debug|Any CPU
		{02415B9E-FB00-451D-8B1A-B4A3CE150F2D}.Debug|Mixed Platforms.Build.0 = Debug|Any CPU
		{02415B9E-FB00-451D-8B1A-B4A3CE150F2D}.Debug|x86.ActiveCfg = Debug|Any CPU
		{02415B9E-FB00-451D-8B1A-B4A3CE150F2D}.Release|Any CPU.ActiveCfg = Release|Any CPU
		{02415B9E-FB00-451D-8B1A-B4A3CE150F2D}.Release|Any CPU.Build.0 = Release|Any CPU
		{02415B9E-FB00-451D-8B1A-B4A3CE150F2D}.Release|Mixed Platforms.ActiveCfg = Release|Any CPU
		{02415B9E-FB00-451D-8B1A-B4A3CE150F2D}.Release|Mixed Platforms.Build.0 = Release|Any CPU
		{02415B9E-FB00-451D-8B1A-B4A3CE150F2D}.Release|x86.ActiveCfg = Release|Any CPU
		{EABE44F4-8ED3-475A-A3E9-E8FD5A187233}.CodeAnalysis|Any CPU.ActiveCfg = Release|Any CPU
		{EABE44F4-8ED3-475A-A3E9-E8FD5A187233}.CodeAnalysis|Any CPU.Build.0 = Release|Any CPU
		{EABE44F4-8ED3-475A-A3E9-E8FD5A187233}.CodeAnalysis|Mixed Platforms.ActiveCfg = Release|Any CPU
		{EABE44F4-8ED3-475A-A3E9-E8FD5A187233}.CodeAnalysis|Mixed Platforms.Build.0 = Release|Any CPU
		{EABE44F4-8ED3-475A-A3E9-E8FD5A187233}.CodeAnalysis|x86.ActiveCfg = Release|Any CPU
		{EABE44F4-8ED3-475A-A3E9-E8FD5A187233}.Debug|Any CPU.ActiveCfg = Debug|Any CPU
		{EABE44F4-8ED3-475A-A3E9-E8FD5A187233}.Debug|Any CPU.Build.0 = Debug|Any CPU
		{EABE44F4-8ED3-475A-A3E9-E8FD5A187233}.Debug|Mixed Platforms.ActiveCfg = Debug|Any CPU
		{EABE44F4-8ED3-475A-A3E9-E8FD5A187233}.Debug|Mixed Platforms.Build.0 = Debug|Any CPU
		{EABE44F4-8ED3-475A-A3E9-E8FD5A187233}.Debug|x86.ActiveCfg = Debug|Any CPU
		{EABE44F4-8ED3-475A-A3E9-E8FD5A187233}.Release|Any CPU.ActiveCfg = Release|Any CPU
		{EABE44F4-8ED3-475A-A3E9-E8FD5A187233}.Release|Any CPU.Build.0 = Release|Any CPU
		{EABE44F4-8ED3-475A-A3E9-E8FD5A187233}.Release|Mixed Platforms.ActiveCfg = Release|Any CPU
		{EABE44F4-8ED3-475A-A3E9-E8FD5A187233}.Release|Mixed Platforms.Build.0 = Release|Any CPU
		{EABE44F4-8ED3-475A-A3E9-E8FD5A187233}.Release|x86.ActiveCfg = Release|Any CPU
		{A0FEC8BA-D4FD-48B8-9813-C1CF3C2BD49B}.CodeAnalysis|Any CPU.ActiveCfg = Release|Any CPU
		{A0FEC8BA-D4FD-48B8-9813-C1CF3C2BD49B}.CodeAnalysis|Any CPU.Build.0 = Release|Any CPU
		{A0FEC8BA-D4FD-48B8-9813-C1CF3C2BD49B}.CodeAnalysis|Mixed Platforms.ActiveCfg = Release|Any CPU
		{A0FEC8BA-D4FD-48B8-9813-C1CF3C2BD49B}.CodeAnalysis|Mixed Platforms.Build.0 = Release|Any CPU
		{A0FEC8BA-D4FD-48B8-9813-C1CF3C2BD49B}.CodeAnalysis|x86.ActiveCfg = Release|Any CPU
		{A0FEC8BA-D4FD-48B8-9813-C1CF3C2BD49B}.CodeAnalysis|x86.Build.0 = Release|Any CPU
		{A0FEC8BA-D4FD-48B8-9813-C1CF3C2BD49B}.Debug|Any CPU.ActiveCfg = Debug|Any CPU
		{A0FEC8BA-D4FD-48B8-9813-C1CF3C2BD49B}.Debug|Any CPU.Build.0 = Debug|Any CPU
		{A0FEC8BA-D4FD-48B8-9813-C1CF3C2BD49B}.Debug|Mixed Platforms.ActiveCfg = Debug|Any CPU
		{A0FEC8BA-D4FD-48B8-9813-C1CF3C2BD49B}.Debug|Mixed Platforms.Build.0 = Debug|Any CPU
		{A0FEC8BA-D4FD-48B8-9813-C1CF3C2BD49B}.Debug|x86.ActiveCfg = Debug|Any CPU
		{A0FEC8BA-D4FD-48B8-9813-C1CF3C2BD49B}.Debug|x86.Build.0 = Debug|Any CPU
		{A0FEC8BA-D4FD-48B8-9813-C1CF3C2BD49B}.Release|Any CPU.ActiveCfg = Release|Any CPU
		{A0FEC8BA-D4FD-48B8-9813-C1CF3C2BD49B}.Release|Any CPU.Build.0 = Release|Any CPU
		{A0FEC8BA-D4FD-48B8-9813-C1CF3C2BD49B}.Release|Mixed Platforms.ActiveCfg = Release|Any CPU
		{A0FEC8BA-D4FD-48B8-9813-C1CF3C2BD49B}.Release|Mixed Platforms.Build.0 = Release|Any CPU
		{A0FEC8BA-D4FD-48B8-9813-C1CF3C2BD49B}.Release|x86.ActiveCfg = Release|Any CPU
		{A0FEC8BA-D4FD-48B8-9813-C1CF3C2BD49B}.Release|x86.Build.0 = Release|Any CPU
		{13864809-505B-4FE3-B04E-31F9735B5FFC}.CodeAnalysis|Any CPU.ActiveCfg = Release|Any CPU
		{13864809-505B-4FE3-B04E-31F9735B5FFC}.CodeAnalysis|Any CPU.Build.0 = Release|Any CPU
		{13864809-505B-4FE3-B04E-31F9735B5FFC}.CodeAnalysis|Mixed Platforms.ActiveCfg = Release|Any CPU
		{13864809-505B-4FE3-B04E-31F9735B5FFC}.CodeAnalysis|Mixed Platforms.Build.0 = Release|Any CPU
		{13864809-505B-4FE3-B04E-31F9735B5FFC}.CodeAnalysis|x86.ActiveCfg = Release|Any CPU
		{13864809-505B-4FE3-B04E-31F9735B5FFC}.CodeAnalysis|x86.Build.0 = Release|Any CPU
		{13864809-505B-4FE3-B04E-31F9735B5FFC}.Debug|Any CPU.ActiveCfg = Debug|Any CPU
		{13864809-505B-4FE3-B04E-31F9735B5FFC}.Debug|Any CPU.Build.0 = Debug|Any CPU
		{13864809-505B-4FE3-B04E-31F9735B5FFC}.Debug|Mixed Platforms.ActiveCfg = Debug|Any CPU
		{13864809-505B-4FE3-B04E-31F9735B5FFC}.Debug|Mixed Platforms.Build.0 = Debug|Any CPU
		{13864809-505B-4FE3-B04E-31F9735B5FFC}.Debug|x86.ActiveCfg = Debug|Any CPU
		{13864809-505B-4FE3-B04E-31F9735B5FFC}.Debug|x86.Build.0 = Debug|Any CPU
		{13864809-505B-4FE3-B04E-31F9735B5FFC}.Release|Any CPU.ActiveCfg = Release|Any CPU
		{13864809-505B-4FE3-B04E-31F9735B5FFC}.Release|Any CPU.Build.0 = Release|Any CPU
		{13864809-505B-4FE3-B04E-31F9735B5FFC}.Release|Mixed Platforms.ActiveCfg = Release|Any CPU
		{13864809-505B-4FE3-B04E-31F9735B5FFC}.Release|Mixed Platforms.Build.0 = Release|Any CPU
		{13864809-505B-4FE3-B04E-31F9735B5FFC}.Release|x86.ActiveCfg = Release|Any CPU
		{13864809-505B-4FE3-B04E-31F9735B5FFC}.Release|x86.Build.0 = Release|Any CPU
		{7F9950B3-CCAE-4886-9303-297D78559F30}.CodeAnalysis|Any CPU.ActiveCfg = Release|Any CPU
		{7F9950B3-CCAE-4886-9303-297D78559F30}.CodeAnalysis|Any CPU.Build.0 = Release|Any CPU
		{7F9950B3-CCAE-4886-9303-297D78559F30}.CodeAnalysis|Mixed Platforms.ActiveCfg = Release|Any CPU
		{7F9950B3-CCAE-4886-9303-297D78559F30}.CodeAnalysis|Mixed Platforms.Build.0 = Release|Any CPU
		{7F9950B3-CCAE-4886-9303-297D78559F30}.CodeAnalysis|x86.ActiveCfg = Release|Any CPU
		{7F9950B3-CCAE-4886-9303-297D78559F30}.CodeAnalysis|x86.Build.0 = Release|Any CPU
		{7F9950B3-CCAE-4886-9303-297D78559F30}.Debug|Any CPU.ActiveCfg = Debug|Any CPU
		{7F9950B3-CCAE-4886-9303-297D78559F30}.Debug|Any CPU.Build.0 = Debug|Any CPU
		{7F9950B3-CCAE-4886-9303-297D78559F30}.Debug|Mixed Platforms.ActiveCfg = Debug|Any CPU
		{7F9950B3-CCAE-4886-9303-297D78559F30}.Debug|Mixed Platforms.Build.0 = Debug|Any CPU
		{7F9950B3-CCAE-4886-9303-297D78559F30}.Debug|x86.ActiveCfg = Debug|Any CPU
		{7F9950B3-CCAE-4886-9303-297D78559F30}.Debug|x86.Build.0 = Debug|Any CPU
		{7F9950B3-CCAE-4886-9303-297D78559F30}.Release|Any CPU.ActiveCfg = Release|Any CPU
		{7F9950B3-CCAE-4886-9303-297D78559F30}.Release|Any CPU.Build.0 = Release|Any CPU
		{7F9950B3-CCAE-4886-9303-297D78559F30}.Release|Mixed Platforms.ActiveCfg = Release|Any CPU
		{7F9950B3-CCAE-4886-9303-297D78559F30}.Release|Mixed Platforms.Build.0 = Release|Any CPU
		{7F9950B3-CCAE-4886-9303-297D78559F30}.Release|x86.ActiveCfg = Release|Any CPU
		{7F9950B3-CCAE-4886-9303-297D78559F30}.Release|x86.Build.0 = Release|Any CPU
	EndGlobalSection
	GlobalSection(SolutionProperties) = preSolution
		HideSolutionNode = FALSE
	EndGlobalSection
	GlobalSection(NestedProjects) = preSolution
		{71E63722-57BC-41DF-9FF5-57ECC67E4BC1} = {0124322E-2731-48E8-910C-957E37181628}
		{7EAF15BD-39C9-44AB-8834-EC0AE013A8A2} = {0124322E-2731-48E8-910C-957E37181628}
		{AA08ECFA-2AD6-4B0C-86B9-C5D8754A2073} = {0124322E-2731-48E8-910C-957E37181628}
		{237EA20F-0BD0-45A7-BE7A-8A43E58306A2} = {0124322E-2731-48E8-910C-957E37181628}
		{CA29D948-78B1-42D9-8E24-D2811E355F5A} = {0124322E-2731-48E8-910C-957E37181628}
		{F4ACD412-2782-4191-8708-C7AE99B0CEE9} = {0124322E-2731-48E8-910C-957E37181628}
		{48196125-9AE3-40E5-8E0D-431B85083B7D} = {0124322E-2731-48E8-910C-957E37181628}
		{3FC4E5BB-F6A8-4E74-9B22-0181F003551B} = {0124322E-2731-48E8-910C-957E37181628}
		{F54C8A50-8AB5-4F7E-A255-D6645A457E02} = {0124322E-2731-48E8-910C-957E37181628}
		{5E3BBD83-91CB-4FBA-81B2-79A81EC94D70} = {0124322E-2731-48E8-910C-957E37181628}
		{EB4237C4-3D83-4632-B8C9-AC08C886720A} = {0124322E-2731-48E8-910C-957E37181628}
		{4D2FCD7F-D9BB-4E55-B9C6-FDF352F6DCF3} = {0124322E-2731-48E8-910C-957E37181628}
		{C0DC3D80-A1FE-46FA-8B97-5B80962687FB} = {0124322E-2731-48E8-910C-957E37181628}
		{FCAD7F9A-4C31-4D5A-8699-C291AE09D006} = {0124322E-2731-48E8-910C-957E37181628}
		{DDC73F5F-BB0E-4944-92CC-4AC937398499} = {0124322E-2731-48E8-910C-957E37181628}
		{726CA0FB-70E7-44F3-9FCA-E703598BFC7E} = {0124322E-2731-48E8-910C-957E37181628}
		{69101D48-A062-4AF0-96E1-21F7AF38D2B4} = {0124322E-2731-48E8-910C-957E37181628}
		{91BDF488-0921-4969-8A53-32169338D8DB} = {0124322E-2731-48E8-910C-957E37181628}
		{BB7E5668-1B43-4FCE-A832-444CC57FEE80} = {0124322E-2731-48E8-910C-957E37181628}
		{8C9F1C24-2D9C-420B-9787-3FCAD96C5B3E} = {0124322E-2731-48E8-910C-957E37181628}
		{52B9E0EB-F4D1-4CA5-9239-93917DC76E2B} = {E6D8EA3D-AF0C-412E-B8C5-BDED68BD5700}
		{32D57085-6113-43F9-A505-D8B311BD6204} = {2212BF93-7EC1-447E-BF78-8C845E257E88}
		{98F36936-5842-49CF-BACF-61119AC7BF3E} = {2212BF93-7EC1-447E-BF78-8C845E257E88}
		{24BC6B74-703A-4AAF-99C3-B5CD760F3D22} = {2212BF93-7EC1-447E-BF78-8C845E257E88}
		{8E1D4ACD-B1AA-433F-9E52-FA50D4A1C9DC} = {0124322E-2731-48E8-910C-957E37181628}
		{F3480D1E-1C20-448D-B2F6-133472CEEB93} = {0124322E-2731-48E8-910C-957E37181628}
		{6FA98D51-A0B6-4E5F-8C78-0D369DDD6DCC} = {2212BF93-7EC1-447E-BF78-8C845E257E88}
		{759CEA3C-1CD0-449C-977E-102CE308F4DE} = {E6D8EA3D-AF0C-412E-B8C5-BDED68BD5700}
		{43BA178B-7642-473C-A43A-DBF58294635A} = {0124322E-2731-48E8-910C-957E37181628}
		{507C5738-8738-462A-9BAC-C0C98CE88D93} = {2212BF93-7EC1-447E-BF78-8C845E257E88}
		{DE021676-A95F-4F64-9FC3-F23C1BB946B5} = {2212BF93-7EC1-447E-BF78-8C845E257E88}
		{F395C923-6001-478D-9EFF-F28A51F62BE4} = {E6D8EA3D-AF0C-412E-B8C5-BDED68BD5700}
		{A7328BFA-A009-4F1E-B9A1-B51B2020F45C} = {2D001517-CE8E-4902-8C0A-0EA13C134830}
		{4E20890A-3825-45D3-841F-4B6D234845ED} = {2D001517-CE8E-4902-8C0A-0EA13C134830}
		{70AF0F7A-492B-4C03-A6C0-73CF2DE5B474} = {2D001517-CE8E-4902-8C0A-0EA13C134830}
		{6059035E-D06A-439E-AE7B-D8299DE1CD44} = {0124322E-2731-48E8-910C-957E37181628}
		{DB291A1A-BD71-4EEA-898A-7B353C7D1EF5} = {2D001517-CE8E-4902-8C0A-0EA13C134830}
		{E428537F-9221-4FD0-B8DC-35FF6F0AA4D7} = {2D001517-CE8E-4902-8C0A-0EA13C134830}
		{DB095801-E380-4CAF-B5F4-6F658ED3E5BE} = {2D001517-CE8E-4902-8C0A-0EA13C134830}
		{A8495F67-2423-4E3C-82EE-FF69B6350B2F} = {2212BF93-7EC1-447E-BF78-8C845E257E88}
		{A334FFFD-0400-4FEC-BC83-C044072C76A8} = {E6D8EA3D-AF0C-412E-B8C5-BDED68BD5700}
		{945537DC-4AF7-4DEF-B73C-07F19229EFE6} = {2D001517-CE8E-4902-8C0A-0EA13C134830}
		{02415B9E-FB00-451D-8B1A-B4A3CE150F2D} = {0124322E-2731-48E8-910C-957E37181628}
		{EABE44F4-8ED3-475A-A3E9-E8FD5A187233} = {0124322E-2731-48E8-910C-957E37181628}
		{A0FEC8BA-D4FD-48B8-9813-C1CF3C2BD49B} = {2D001517-CE8E-4902-8C0A-0EA13C134830}
		{13864809-505B-4FE3-B04E-31F9735B5FFC} = {2D001517-CE8E-4902-8C0A-0EA13C134830}
		{7F9950B3-CCAE-4886-9303-297D78559F30} = {0124322E-2731-48E8-910C-957E37181628}
	EndGlobalSection
	GlobalSection(ExtensibilityGlobals) = postSolution
		SolutionGuid = {4B8D1BEA-EAAA-484D-B00D-1D23226A5A90}
	EndGlobalSection
	GlobalSection(TestCaseManagementSettings) = postSolution
		CategoryFile = Rhetos.vsmdi
	EndGlobalSection
EndGlobal
