
Microsoft Visual Studio Solution File, Format Version 12.00
# Visual Studio Version 17
VisualStudioVersion = 17.3.32901.215
MinimumVisualStudioVersion = 10.0.40219.1
Project("{2150E333-8FDC-42A3-9474-1A3956D46DE8}") = "Solution Items", "Solution Items", "{D3CC17A8-D557-44D9-8D3D-3D425ED09838}"
	ProjectSection(SolutionItems) = preProject
		.editorconfig = .editorconfig
		ChangeLog.md = ChangeLog.md
		Directory.Build.props = Directory.Build.props
		Readme.md = Readme.md
		src\Rhetos.DslParser.nuspec = src\Rhetos.DslParser.nuspec
		src\Rhetos.Host.AspNet.nuspec = src\Rhetos.Host.AspNet.nuspec
		src\Rhetos.Host.nuspec = src\Rhetos.Host.nuspec
		src\Rhetos.MSBuild.nuspec = src\Rhetos.MSBuild.nuspec
		src\Rhetos.nuspec = src\Rhetos.nuspec
		src\Rhetos.TestCommon.nuspec = src\Rhetos.TestCommon.nuspec
		Tools\Configuration\Template.rhetos-app.local.settings.json = Tools\Configuration\Template.rhetos-app.local.settings.json
	EndProjectSection
EndProject
Project("{9A19103F-16F7-4668-BE54-9A1E7A4F7556}") = "Rhetos.CommonConcepts.Test", "test\Rhetos.CommonConcepts.Test\Rhetos.CommonConcepts.Test.csproj", "{ED46FC75-BF87-4F74-B1D6-91C1CF20BC46}"
EndProject
Project("{9A19103F-16F7-4668-BE54-9A1E7A4F7556}") = "Rhetos.TestCommon", "src\Rhetos.TestCommon\Rhetos.TestCommon.csproj", "{E5D9981A-2380-456D-A98D-442989C63A07}"
EndProject
Project("{9A19103F-16F7-4668-BE54-9A1E7A4F7556}") = "RhetosCli", "src\RhetosCli\RhetosCli.csproj", "{08CE59E2-D1E1-4C68-8FC5-E585B53B2A8F}"
EndProject
Project("{9A19103F-16F7-4668-BE54-9A1E7A4F7556}") = "RhetosVSIntegration", "src\RhetosVSIntegration\RhetosVSIntegration.csproj", "{683A3344-852E-473A-A2FA-5B1F56F9FE1C}"
EndProject
Project("{9A19103F-16F7-4668-BE54-9A1E7A4F7556}") = "Rhetos.Core.Test.Reference", "test\Rhetos.Core.Test.Reference\Rhetos.Core.Test.Reference.csproj", "{18F12C46-AC7B-4E86-9BBE-953EB4BA7BD2}"
EndProject
Project("{9A19103F-16F7-4668-BE54-9A1E7A4F7556}") = "Rhetos.Host.AspNet", "src\Rhetos.Host.AspNet\Rhetos.Host.AspNet.csproj", "{10E35BC5-FD35-4FCF-8511-1EF0E5B847A6}"
EndProject
Project("{9A19103F-16F7-4668-BE54-9A1E7A4F7556}") = "Rhetos.Host.AspNet.Test", "test\Rhetos.Host.AspNet.Test\Rhetos.Host.AspNet.Test.csproj", "{5F24785B-47E3-487B-AF38-889EF440A97C}"
EndProject
Project("{9A19103F-16F7-4668-BE54-9A1E7A4F7556}") = "Rhetos.Integration", "src\Rhetos.Integration\Rhetos.Integration.csproj", "{F7251D15-70C5-474B-A95A-07056347EFCD}"
EndProject
Project("{9A19103F-16F7-4668-BE54-9A1E7A4F7556}") = "Rhetos.DslParser", "src\Rhetos.DslParser\Rhetos.DslParser.csproj", "{DE5E180B-2E96-42A4-B36D-403BE0922153}"
EndProject
Project("{9A19103F-16F7-4668-BE54-9A1E7A4F7556}") = "Rhetos.Core", "src\Rhetos.Core\Rhetos.Core.csproj", "{7BF4A1CA-18AA-44F7-A6F9-B3AB3FD2E882}"
EndProject
Project("{9A19103F-16F7-4668-BE54-9A1E7A4F7556}") = "Rhetos.Core.Test", "test\Rhetos.Core.Test\Rhetos.Core.Test.csproj", "{5DABDB1B-CBA3-4882-BA67-064C0BED4F03}"
EndProject
Project("{FAE04EC0-301F-11D3-BF4B-00C04F79EFBC}") = "Rhetos.CommonConcepts", "src\Rhetos.CommonConcepts\Rhetos.CommonConcepts.csproj", "{A157A278-7590-475E-A418-48E776867A5D}"
EndProject
Global
	GlobalSection(SolutionConfigurationPlatforms) = preSolution
		Debug|Any CPU = Debug|Any CPU
		Release|Any CPU = Release|Any CPU
	EndGlobalSection
	GlobalSection(ProjectConfigurationPlatforms) = postSolution
		{ED46FC75-BF87-4F74-B1D6-91C1CF20BC46}.Debug|Any CPU.ActiveCfg = Debug|Any CPU
		{ED46FC75-BF87-4F74-B1D6-91C1CF20BC46}.Debug|Any CPU.Build.0 = Debug|Any CPU
		{ED46FC75-BF87-4F74-B1D6-91C1CF20BC46}.Release|Any CPU.ActiveCfg = Release|Any CPU
		{ED46FC75-BF87-4F74-B1D6-91C1CF20BC46}.Release|Any CPU.Build.0 = Release|Any CPU
		{E5D9981A-2380-456D-A98D-442989C63A07}.Debug|Any CPU.ActiveCfg = Debug|Any CPU
		{E5D9981A-2380-456D-A98D-442989C63A07}.Debug|Any CPU.Build.0 = Debug|Any CPU
		{E5D9981A-2380-456D-A98D-442989C63A07}.Release|Any CPU.ActiveCfg = Release|Any CPU
		{E5D9981A-2380-456D-A98D-442989C63A07}.Release|Any CPU.Build.0 = Release|Any CPU
		{08CE59E2-D1E1-4C68-8FC5-E585B53B2A8F}.Debug|Any CPU.ActiveCfg = Debug|Any CPU
		{08CE59E2-D1E1-4C68-8FC5-E585B53B2A8F}.Debug|Any CPU.Build.0 = Debug|Any CPU
		{08CE59E2-D1E1-4C68-8FC5-E585B53B2A8F}.Release|Any CPU.ActiveCfg = Release|Any CPU
		{08CE59E2-D1E1-4C68-8FC5-E585B53B2A8F}.Release|Any CPU.Build.0 = Release|Any CPU
		{683A3344-852E-473A-A2FA-5B1F56F9FE1C}.Debug|Any CPU.ActiveCfg = Debug|Any CPU
		{683A3344-852E-473A-A2FA-5B1F56F9FE1C}.Debug|Any CPU.Build.0 = Debug|Any CPU
		{683A3344-852E-473A-A2FA-5B1F56F9FE1C}.Release|Any CPU.ActiveCfg = Release|Any CPU
		{683A3344-852E-473A-A2FA-5B1F56F9FE1C}.Release|Any CPU.Build.0 = Release|Any CPU
		{18F12C46-AC7B-4E86-9BBE-953EB4BA7BD2}.Debug|Any CPU.ActiveCfg = Debug|Any CPU
		{18F12C46-AC7B-4E86-9BBE-953EB4BA7BD2}.Debug|Any CPU.Build.0 = Debug|Any CPU
		{18F12C46-AC7B-4E86-9BBE-953EB4BA7BD2}.Release|Any CPU.ActiveCfg = Release|Any CPU
		{18F12C46-AC7B-4E86-9BBE-953EB4BA7BD2}.Release|Any CPU.Build.0 = Release|Any CPU
		{10E35BC5-FD35-4FCF-8511-1EF0E5B847A6}.Debug|Any CPU.ActiveCfg = Debug|Any CPU
		{10E35BC5-FD35-4FCF-8511-1EF0E5B847A6}.Debug|Any CPU.Build.0 = Debug|Any CPU
		{10E35BC5-FD35-4FCF-8511-1EF0E5B847A6}.Release|Any CPU.ActiveCfg = Release|Any CPU
		{10E35BC5-FD35-4FCF-8511-1EF0E5B847A6}.Release|Any CPU.Build.0 = Release|Any CPU
		{5F24785B-47E3-487B-AF38-889EF440A97C}.Debug|Any CPU.ActiveCfg = Debug|Any CPU
		{5F24785B-47E3-487B-AF38-889EF440A97C}.Debug|Any CPU.Build.0 = Debug|Any CPU
		{5F24785B-47E3-487B-AF38-889EF440A97C}.Release|Any CPU.ActiveCfg = Release|Any CPU
		{5F24785B-47E3-487B-AF38-889EF440A97C}.Release|Any CPU.Build.0 = Release|Any CPU
		{F7251D15-70C5-474B-A95A-07056347EFCD}.Debug|Any CPU.ActiveCfg = Debug|Any CPU
		{F7251D15-70C5-474B-A95A-07056347EFCD}.Debug|Any CPU.Build.0 = Debug|Any CPU
		{F7251D15-70C5-474B-A95A-07056347EFCD}.Release|Any CPU.ActiveCfg = Release|Any CPU
		{F7251D15-70C5-474B-A95A-07056347EFCD}.Release|Any CPU.Build.0 = Release|Any CPU
		{DE5E180B-2E96-42A4-B36D-403BE0922153}.Debug|Any CPU.ActiveCfg = Debug|Any CPU
		{DE5E180B-2E96-42A4-B36D-403BE0922153}.Debug|Any CPU.Build.0 = Debug|Any CPU
		{DE5E180B-2E96-42A4-B36D-403BE0922153}.Release|Any CPU.ActiveCfg = Release|Any CPU
		{DE5E180B-2E96-42A4-B36D-403BE0922153}.Release|Any CPU.Build.0 = Release|Any CPU
		{7BF4A1CA-18AA-44F7-A6F9-B3AB3FD2E882}.Debug|Any CPU.ActiveCfg = Debug|Any CPU
		{7BF4A1CA-18AA-44F7-A6F9-B3AB3FD2E882}.Debug|Any CPU.Build.0 = Debug|Any CPU
		{7BF4A1CA-18AA-44F7-A6F9-B3AB3FD2E882}.Release|Any CPU.ActiveCfg = Release|Any CPU
		{7BF4A1CA-18AA-44F7-A6F9-B3AB3FD2E882}.Release|Any CPU.Build.0 = Release|Any CPU
		{5DABDB1B-CBA3-4882-BA67-064C0BED4F03}.Debug|Any CPU.ActiveCfg = Debug|Any CPU
		{5DABDB1B-CBA3-4882-BA67-064C0BED4F03}.Debug|Any CPU.Build.0 = Debug|Any CPU
		{5DABDB1B-CBA3-4882-BA67-064C0BED4F03}.Release|Any CPU.ActiveCfg = Release|Any CPU
		{5DABDB1B-CBA3-4882-BA67-064C0BED4F03}.Release|Any CPU.Build.0 = Release|Any CPU
		{A157A278-7590-475E-A418-48E776867A5D}.Debug|Any CPU.ActiveCfg = Debug|Any CPU
		{A157A278-7590-475E-A418-48E776867A5D}.Debug|Any CPU.Build.0 = Debug|Any CPU
		{A157A278-7590-475E-A418-48E776867A5D}.Release|Any CPU.ActiveCfg = Release|Any CPU
		{A157A278-7590-475E-A418-48E776867A5D}.Release|Any CPU.Build.0 = Release|Any CPU
	EndGlobalSection
	GlobalSection(SolutionProperties) = preSolution
		HideSolutionNode = FALSE
	EndGlobalSection
	GlobalSection(ExtensibilityGlobals) = postSolution
		SolutionGuid = {4B8D1BEA-EAAA-484D-B00D-1D23226A5A90}
	EndGlobalSection
	GlobalSection(TestCaseManagementSettings) = postSolution
		CategoryFile = Rhetos.vsmdi
	EndGlobalSection
EndGlobal
