
Microsoft Visual Studio Solution File, Format Version 12.00
# Visual Studio Version 16
VisualStudioVersion = 16.0.29519.87
MinimumVisualStudioVersion = 10.0.40219.1
Project("{2150E333-8FDC-42A3-9474-1A3956D46DE8}") = "Deployment", "Deployment", "{2D001517-CE8E-4902-8C0A-0EA13C134830}"
EndProject
Project("{2150E333-8FDC-42A3-9474-1A3956D46DE8}") = "CommonConcepts", "CommonConcepts", "{2212BF93-7EC1-447E-BF78-8C845E257E88}"
EndProject
Project("{2150E333-8FDC-42A3-9474-1A3956D46DE8}") = "Core", "Core", "{0124322E-2731-48E8-910C-957E37181628}"
EndProject
Project("{2150E333-8FDC-42A3-9474-1A3956D46DE8}") = "Solution Items", "Solution Items", "{D3CC17A8-D557-44D9-8D3D-3D425ED09838}"
	ProjectSection(SolutionItems) = preProject
		.editorconfig = .editorconfig
		Directory.Build.props = Directory.Build.props
	EndProjectSection
EndProject
Project("{9A19103F-16F7-4668-BE54-9A1E7A4F7556}") = "Rhetos.CommonConcepts.Test", "CommonConcepts\Plugins\Rhetos.CommonConcepts.Test\Rhetos.CommonConcepts.Test.csproj", "{ED46FC75-BF87-4F74-B1D6-91C1CF20BC46}"
EndProject
Project("{9A19103F-16F7-4668-BE54-9A1E7A4F7556}") = "Rhetos.Dom.DefaultConcepts.Interfaces", "CommonConcepts\Plugins\Rhetos.Dom.DefaultConcepts.Interfaces\Rhetos.Dom.DefaultConcepts.Interfaces.csproj", "{30BEAFED-C063-4A36-AF1D-703AF4ACBE96}"
EndProject
Project("{9A19103F-16F7-4668-BE54-9A1E7A4F7556}") = "Rhetos.Dsl.DefaultConcepts", "CommonConcepts\Plugins\Rhetos.Dsl.DefaultConcepts\Rhetos.Dsl.DefaultConcepts.csproj", "{2D883452-0968-462E-BD74-04623A6C3D63}"
EndProject
Project("{9A19103F-16F7-4668-BE54-9A1E7A4F7556}") = "Rhetos.Processing.DefaultCommands", "CommonConcepts\Plugins\Rhetos.Processing.DefaultCommands\Rhetos.Processing.DefaultCommands.csproj", "{5D60229B-DEBA-465C-9691-26F2BCC511D6}"
EndProject
Project("{9A19103F-16F7-4668-BE54-9A1E7A4F7556}") = "Rhetos.Processing.DefaultCommands.Interfaces", "CommonConcepts\Plugins\Rhetos.Processing.DefaultCommands.Interfaces\Rhetos.Processing.DefaultCommands.Interfaces.csproj", "{C7C7D877-9063-4BD7-A5EC-A7104C424588}"
EndProject
Project("{9A19103F-16F7-4668-BE54-9A1E7A4F7556}") = "Rhetos.Compiler", "Source\Rhetos.Compiler\Rhetos.Compiler.csproj", "{00B0C2D5-6D6E-493F-9582-347135DBC686}"
EndProject
Project("{9A19103F-16F7-4668-BE54-9A1E7A4F7556}") = "Rhetos.Compiler.Interfaces", "Source\Rhetos.Compiler.Interfaces\Rhetos.Compiler.Interfaces.csproj", "{6F4959D0-21E6-453E-AE29-4D5707A61F95}"
EndProject
Project("{9A19103F-16F7-4668-BE54-9A1E7A4F7556}") = "Rhetos.DatabaseGenerator", "Source\Rhetos.DatabaseGenerator\Rhetos.DatabaseGenerator.csproj", "{D909D653-8B66-4893-A866-31D9EB6C4BB7}"
EndProject
Project("{9A19103F-16F7-4668-BE54-9A1E7A4F7556}") = "Rhetos.DatabaseGenerator.Interfaces", "Source\Rhetos.DatabaseGenerator.Interfaces\Rhetos.DatabaseGenerator.Interfaces.csproj", "{A8A3342C-5771-47EC-B094-2B47A37992DB}"
EndProject
Project("{9A19103F-16F7-4668-BE54-9A1E7A4F7556}") = "Rhetos.DatabaseGenerator.Test", "Source\Rhetos.DatabaseGenerator.Test\Rhetos.DatabaseGenerator.Test.csproj", "{B99CC148-7612-4CDE-9C7C-025C5A6CE041}"
EndProject
Project("{9A19103F-16F7-4668-BE54-9A1E7A4F7556}") = "Rhetos.Dom", "Source\Rhetos.Dom\Rhetos.Dom.csproj", "{56564034-919C-48D6-9E81-2B82ADF6B13C}"
EndProject
Project("{9A19103F-16F7-4668-BE54-9A1E7A4F7556}") = "Rhetos.Dom.Interfaces", "Source\Rhetos.Dom.Interfaces\Rhetos.Dom.Interfaces.csproj", "{F36BAB3F-1EDE-4B92-8A20-F54B2F434B67}"
EndProject
Project("{9A19103F-16F7-4668-BE54-9A1E7A4F7556}") = "Rhetos.Dsl", "Source\Rhetos.Dsl\Rhetos.Dsl.csproj", "{5D0D0F14-CEB6-4990-8607-09C71CF6FA70}"
EndProject
Project("{9A19103F-16F7-4668-BE54-9A1E7A4F7556}") = "Rhetos.Dsl.Interfaces", "Source\Rhetos.Dsl.Interfaces\Rhetos.Dsl.Interfaces.csproj", "{120ADCD3-EF19-4890-87A1-7767B8820B33}"
EndProject
Project("{9A19103F-16F7-4668-BE54-9A1E7A4F7556}") = "Rhetos.Dsl.Test", "Source\Rhetos.Dsl.Test\Rhetos.Dsl.Test.csproj", "{D312F58F-CA11-4C8F-89EA-33C4F8806CE4}"
EndProject
Project("{9A19103F-16F7-4668-BE54-9A1E7A4F7556}") = "Rhetos.Extensibility", "Source\Rhetos.Extensibility\Rhetos.Extensibility.csproj", "{650337D6-B4AF-4202-A914-993C0DE6F618}"
EndProject
Project("{9A19103F-16F7-4668-BE54-9A1E7A4F7556}") = "Rhetos.Extensibility.Interfaces", "Source\Rhetos.Extensibility.Interfaces\Rhetos.Extensibility.Interfaces.csproj", "{75B9B466-0E2B-462D-AB98-B275649A90A7}"
EndProject
Project("{9A19103F-16F7-4668-BE54-9A1E7A4F7556}") = "Rhetos.Extensibility.Test", "Source\Rhetos.Extensibility.Test\Rhetos.Extensibility.Test.csproj", "{63067CCE-AB5F-4CDA-AF8B-3334BFEA13AA}"
EndProject
Project("{9A19103F-16F7-4668-BE54-9A1E7A4F7556}") = "Rhetos.Logging", "Source\Rhetos.Logging\Rhetos.Logging.csproj", "{C7683878-F5A5-4875-BA38-125D326EEDAF}"
EndProject
Project("{9A19103F-16F7-4668-BE54-9A1E7A4F7556}") = "Rhetos.Logging.Interfaces", "Source\Rhetos.Logging.Interfaces\Rhetos.Logging.Interfaces.csproj", "{C02F8C3E-DC36-47B3-988F-035ED3EB2746}"
EndProject
Project("{9A19103F-16F7-4668-BE54-9A1E7A4F7556}") = "Rhetos.Logging.Test", "Source\Rhetos.Logging.Test\Rhetos.Logging.Test.csproj", "{0677B60E-D9C4-4BA6-9AB7-C0F583DC74A6}"
EndProject
Project("{9A19103F-16F7-4668-BE54-9A1E7A4F7556}") = "Rhetos.Persistence", "Source\Rhetos.Persistence\Rhetos.Persistence.csproj", "{83849007-9892-47AD-BD8A-FEEBEECAF33A}"
EndProject
Project("{9A19103F-16F7-4668-BE54-9A1E7A4F7556}") = "Rhetos.Persistence.Interfaces", "Source\Rhetos.Persistence.Interfaces\Rhetos.Persistence.Interfaces.csproj", "{7D62B1E3-4CBE-4BA0-900A-997E00958069}"
EndProject
Project("{9A19103F-16F7-4668-BE54-9A1E7A4F7556}") = "Rhetos.Processing", "Source\Rhetos.Processing\Rhetos.Processing.csproj", "{DF77262E-EE0F-4F2C-8A70-6E30F70390EE}"
EndProject
Project("{9A19103F-16F7-4668-BE54-9A1E7A4F7556}") = "Rhetos.Processing.Interfaces", "Source\Rhetos.Processing.Interfaces\Rhetos.Processing.Interfaces.csproj", "{E8096215-4C0E-495F-B5F8-B6364425196A}"
EndProject
Project("{9A19103F-16F7-4668-BE54-9A1E7A4F7556}") = "Rhetos.Security", "Source\Rhetos.Security\Rhetos.Security.csproj", "{381F9EE3-3D37-49F5-8A47-0D1861BEDC41}"
EndProject
Project("{9A19103F-16F7-4668-BE54-9A1E7A4F7556}") = "Rhetos.Security.Interfaces", "Source\Rhetos.Security.Interfaces\Rhetos.Security.Interfaces.csproj", "{F01FC2AA-3B13-4594-99B6-D25071D7DA39}"
EndProject
Project("{9A19103F-16F7-4668-BE54-9A1E7A4F7556}") = "Rhetos.TestCommon", "Source\Rhetos.TestCommon\Rhetos.TestCommon.csproj", "{E5D9981A-2380-456D-A98D-442989C63A07}"
EndProject
Project("{9A19103F-16F7-4668-BE54-9A1E7A4F7556}") = "Rhetos.Utilities", "Source\Rhetos.Utilities\Rhetos.Utilities.csproj", "{04536585-3DFC-44F1-8E61-88D634378F38}"
EndProject
Project("{9A19103F-16F7-4668-BE54-9A1E7A4F7556}") = "Rhetos.Utilities.Test", "Source\Rhetos.Utilities.Test\Rhetos.Utilities.Test.csproj", "{204F6468-DB2C-4054-925C-9C6A4EAA66E1}"
EndProject
Project("{9A19103F-16F7-4668-BE54-9A1E7A4F7556}") = "Rhetos.XmlSerialization", "Source\Rhetos.XmlSerialization\Rhetos.XmlSerialization.csproj", "{564E948D-2DAB-4B16-92DE-45B3AB0A1C5B}"
EndProject
Project("{9A19103F-16F7-4668-BE54-9A1E7A4F7556}") = "Rhetos.Configuration.Autofac", "Source\Rhetos.Configuration.Autofac\Rhetos.Configuration.Autofac.csproj", "{4A3FF90E-6D76-4D24-9E82-4123C652B7BD}"
EndProject
Project("{9A19103F-16F7-4668-BE54-9A1E7A4F7556}") = "Rhetos.Configuration.Autofac.Test", "Source\Rhetos.Configuration.Autofac.Test\Rhetos.Configuration.Autofac.Test.csproj", "{C0740AA4-F948-45CA-B5A9-CFA43FE4FD23}"
EndProject
Project("{9A19103F-16F7-4668-BE54-9A1E7A4F7556}") = "Rhetos.Deployment", "Source\Rhetos.Deployment\Rhetos.Deployment.csproj", "{968BB692-E9A1-4F7C-998B-94B0B61F8218}"
EndProject
Project("{9A19103F-16F7-4668-BE54-9A1E7A4F7556}") = "Rhetos.Deployment.Interfaces", "Source\Rhetos.Deployment.Interfaces\Rhetos.Deployment.Interfaces.csproj", "{9965447D-0D2A-4978-9C56-F5064C8469EE}"
EndProject
Project("{9A19103F-16F7-4668-BE54-9A1E7A4F7556}") = "Rhetos.Deployment.Test", "Source\Rhetos.Deployment.Test\Rhetos.Deployment.Test.csproj", "{44AFCAC4-DB3D-44F9-B11C-B7824FD5A595}"
EndProject
Project("{9A19103F-16F7-4668-BE54-9A1E7A4F7556}") = "RhetosCli", "Source\RhetosCli\RhetosCli.csproj", "{08CE59E2-D1E1-4C68-8FC5-E585B53B2A8F}"
EndProject
Project("{9A19103F-16F7-4668-BE54-9A1E7A4F7556}") = "RhetosVSIntegration", "Source\RhetosVSIntegration\RhetosVSIntegration.csproj", "{683A3344-852E-473A-A2FA-5B1F56F9FE1C}"
EndProject
Project("{9A19103F-16F7-4668-BE54-9A1E7A4F7556}") = "Rhetos.Dom.DefaultConcepts", "CommonConcepts\Plugins\Rhetos.Dom.DefaultConcepts\Rhetos.Dom.DefaultConcepts.csproj", "{A3C49552-6DB1-46D0-A390-ADD212E7235C}"
EndProject
Project("{9A19103F-16F7-4668-BE54-9A1E7A4F7556}") = "Rhetos.DatabaseGenerator.DefaultConcepts", "CommonConcepts\Plugins\Rhetos.DatabaseGenerator.DefaultConcepts\Rhetos.DatabaseGenerator.DefaultConcepts.csproj", "{1E878DA9-9848-4F9B-8AF6-ED958E2EC7F1}"
EndProject
Project("{FAE04EC0-301F-11D3-BF4B-00C04F79EFBC}") = "Rhetos.Extensibility.TestReference", "Source\Rhetos.Extensibility.TestReference\Rhetos.Extensibility.TestReference.csproj", "{18F12C46-AC7B-4E86-9BBE-953EB4BA7BD2}"
EndProject
Global
	GlobalSection(SolutionConfigurationPlatforms) = preSolution
		Debug|Any CPU = Debug|Any CPU
		Release|Any CPU = Release|Any CPU
	EndGlobalSection
	GlobalSection(ProjectConfigurationPlatforms) = postSolution
		{ED46FC75-BF87-4F74-B1D6-91C1CF20BC46}.Debug|Any CPU.ActiveCfg = Debug|Any CPU
		{ED46FC75-BF87-4F74-B1D6-91C1CF20BC46}.Debug|Any CPU.Build.0 = Debug|Any CPU
		{ED46FC75-BF87-4F74-B1D6-91C1CF20BC46}.Release|Any CPU.ActiveCfg = Release|Any CPU
		{ED46FC75-BF87-4F74-B1D6-91C1CF20BC46}.Release|Any CPU.Build.0 = Release|Any CPU
		{30BEAFED-C063-4A36-AF1D-703AF4ACBE96}.Debug|Any CPU.ActiveCfg = Debug|Any CPU
		{30BEAFED-C063-4A36-AF1D-703AF4ACBE96}.Debug|Any CPU.Build.0 = Debug|Any CPU
		{30BEAFED-C063-4A36-AF1D-703AF4ACBE96}.Release|Any CPU.ActiveCfg = Release|Any CPU
		{30BEAFED-C063-4A36-AF1D-703AF4ACBE96}.Release|Any CPU.Build.0 = Release|Any CPU
		{2D883452-0968-462E-BD74-04623A6C3D63}.Debug|Any CPU.ActiveCfg = Debug|Any CPU
		{2D883452-0968-462E-BD74-04623A6C3D63}.Debug|Any CPU.Build.0 = Debug|Any CPU
		{2D883452-0968-462E-BD74-04623A6C3D63}.Release|Any CPU.ActiveCfg = Release|Any CPU
		{2D883452-0968-462E-BD74-04623A6C3D63}.Release|Any CPU.Build.0 = Release|Any CPU
		{5D60229B-DEBA-465C-9691-26F2BCC511D6}.Debug|Any CPU.ActiveCfg = Debug|Any CPU
		{5D60229B-DEBA-465C-9691-26F2BCC511D6}.Debug|Any CPU.Build.0 = Debug|Any CPU
		{5D60229B-DEBA-465C-9691-26F2BCC511D6}.Release|Any CPU.ActiveCfg = Release|Any CPU
		{5D60229B-DEBA-465C-9691-26F2BCC511D6}.Release|Any CPU.Build.0 = Release|Any CPU
		{C7C7D877-9063-4BD7-A5EC-A7104C424588}.Debug|Any CPU.ActiveCfg = Debug|Any CPU
		{C7C7D877-9063-4BD7-A5EC-A7104C424588}.Debug|Any CPU.Build.0 = Debug|Any CPU
		{C7C7D877-9063-4BD7-A5EC-A7104C424588}.Release|Any CPU.ActiveCfg = Release|Any CPU
		{C7C7D877-9063-4BD7-A5EC-A7104C424588}.Release|Any CPU.Build.0 = Release|Any CPU
		{00B0C2D5-6D6E-493F-9582-347135DBC686}.Debug|Any CPU.ActiveCfg = Debug|Any CPU
		{00B0C2D5-6D6E-493F-9582-347135DBC686}.Debug|Any CPU.Build.0 = Debug|Any CPU
		{00B0C2D5-6D6E-493F-9582-347135DBC686}.Release|Any CPU.ActiveCfg = Release|Any CPU
		{00B0C2D5-6D6E-493F-9582-347135DBC686}.Release|Any CPU.Build.0 = Release|Any CPU
		{6F4959D0-21E6-453E-AE29-4D5707A61F95}.Debug|Any CPU.ActiveCfg = Debug|Any CPU
		{6F4959D0-21E6-453E-AE29-4D5707A61F95}.Debug|Any CPU.Build.0 = Debug|Any CPU
		{6F4959D0-21E6-453E-AE29-4D5707A61F95}.Release|Any CPU.ActiveCfg = Release|Any CPU
		{6F4959D0-21E6-453E-AE29-4D5707A61F95}.Release|Any CPU.Build.0 = Release|Any CPU
		{D909D653-8B66-4893-A866-31D9EB6C4BB7}.Debug|Any CPU.ActiveCfg = Debug|Any CPU
		{D909D653-8B66-4893-A866-31D9EB6C4BB7}.Debug|Any CPU.Build.0 = Debug|Any CPU
		{D909D653-8B66-4893-A866-31D9EB6C4BB7}.Release|Any CPU.ActiveCfg = Release|Any CPU
		{D909D653-8B66-4893-A866-31D9EB6C4BB7}.Release|Any CPU.Build.0 = Release|Any CPU
		{A8A3342C-5771-47EC-B094-2B47A37992DB}.Debug|Any CPU.ActiveCfg = Debug|Any CPU
		{A8A3342C-5771-47EC-B094-2B47A37992DB}.Debug|Any CPU.Build.0 = Debug|Any CPU
		{A8A3342C-5771-47EC-B094-2B47A37992DB}.Release|Any CPU.ActiveCfg = Release|Any CPU
		{A8A3342C-5771-47EC-B094-2B47A37992DB}.Release|Any CPU.Build.0 = Release|Any CPU
		{B99CC148-7612-4CDE-9C7C-025C5A6CE041}.Debug|Any CPU.ActiveCfg = Debug|Any CPU
		{B99CC148-7612-4CDE-9C7C-025C5A6CE041}.Debug|Any CPU.Build.0 = Debug|Any CPU
		{B99CC148-7612-4CDE-9C7C-025C5A6CE041}.Release|Any CPU.ActiveCfg = Release|Any CPU
		{B99CC148-7612-4CDE-9C7C-025C5A6CE041}.Release|Any CPU.Build.0 = Release|Any CPU
		{56564034-919C-48D6-9E81-2B82ADF6B13C}.Debug|Any CPU.ActiveCfg = Debug|Any CPU
		{56564034-919C-48D6-9E81-2B82ADF6B13C}.Debug|Any CPU.Build.0 = Debug|Any CPU
		{56564034-919C-48D6-9E81-2B82ADF6B13C}.Release|Any CPU.ActiveCfg = Release|Any CPU
		{56564034-919C-48D6-9E81-2B82ADF6B13C}.Release|Any CPU.Build.0 = Release|Any CPU
		{F36BAB3F-1EDE-4B92-8A20-F54B2F434B67}.Debug|Any CPU.ActiveCfg = Debug|Any CPU
		{F36BAB3F-1EDE-4B92-8A20-F54B2F434B67}.Debug|Any CPU.Build.0 = Debug|Any CPU
		{F36BAB3F-1EDE-4B92-8A20-F54B2F434B67}.Release|Any CPU.ActiveCfg = Release|Any CPU
		{F36BAB3F-1EDE-4B92-8A20-F54B2F434B67}.Release|Any CPU.Build.0 = Release|Any CPU
		{5D0D0F14-CEB6-4990-8607-09C71CF6FA70}.Debug|Any CPU.ActiveCfg = Debug|Any CPU
		{5D0D0F14-CEB6-4990-8607-09C71CF6FA70}.Debug|Any CPU.Build.0 = Debug|Any CPU
		{5D0D0F14-CEB6-4990-8607-09C71CF6FA70}.Release|Any CPU.ActiveCfg = Release|Any CPU
		{5D0D0F14-CEB6-4990-8607-09C71CF6FA70}.Release|Any CPU.Build.0 = Release|Any CPU
		{120ADCD3-EF19-4890-87A1-7767B8820B33}.Debug|Any CPU.ActiveCfg = Debug|Any CPU
		{120ADCD3-EF19-4890-87A1-7767B8820B33}.Debug|Any CPU.Build.0 = Debug|Any CPU
		{120ADCD3-EF19-4890-87A1-7767B8820B33}.Release|Any CPU.ActiveCfg = Release|Any CPU
		{120ADCD3-EF19-4890-87A1-7767B8820B33}.Release|Any CPU.Build.0 = Release|Any CPU
		{D312F58F-CA11-4C8F-89EA-33C4F8806CE4}.Debug|Any CPU.ActiveCfg = Debug|Any CPU
		{D312F58F-CA11-4C8F-89EA-33C4F8806CE4}.Debug|Any CPU.Build.0 = Debug|Any CPU
		{D312F58F-CA11-4C8F-89EA-33C4F8806CE4}.Release|Any CPU.ActiveCfg = Release|Any CPU
		{D312F58F-CA11-4C8F-89EA-33C4F8806CE4}.Release|Any CPU.Build.0 = Release|Any CPU
		{650337D6-B4AF-4202-A914-993C0DE6F618}.Debug|Any CPU.ActiveCfg = Debug|Any CPU
		{650337D6-B4AF-4202-A914-993C0DE6F618}.Debug|Any CPU.Build.0 = Debug|Any CPU
		{650337D6-B4AF-4202-A914-993C0DE6F618}.Release|Any CPU.ActiveCfg = Release|Any CPU
		{650337D6-B4AF-4202-A914-993C0DE6F618}.Release|Any CPU.Build.0 = Release|Any CPU
		{75B9B466-0E2B-462D-AB98-B275649A90A7}.Debug|Any CPU.ActiveCfg = Debug|Any CPU
		{75B9B466-0E2B-462D-AB98-B275649A90A7}.Debug|Any CPU.Build.0 = Debug|Any CPU
		{75B9B466-0E2B-462D-AB98-B275649A90A7}.Release|Any CPU.ActiveCfg = Release|Any CPU
		{75B9B466-0E2B-462D-AB98-B275649A90A7}.Release|Any CPU.Build.0 = Release|Any CPU
		{63067CCE-AB5F-4CDA-AF8B-3334BFEA13AA}.Debug|Any CPU.ActiveCfg = Debug|Any CPU
		{63067CCE-AB5F-4CDA-AF8B-3334BFEA13AA}.Debug|Any CPU.Build.0 = Debug|Any CPU
		{63067CCE-AB5F-4CDA-AF8B-3334BFEA13AA}.Release|Any CPU.ActiveCfg = Release|Any CPU
		{63067CCE-AB5F-4CDA-AF8B-3334BFEA13AA}.Release|Any CPU.Build.0 = Release|Any CPU
		{C7683878-F5A5-4875-BA38-125D326EEDAF}.Debug|Any CPU.ActiveCfg = Debug|Any CPU
		{C7683878-F5A5-4875-BA38-125D326EEDAF}.Debug|Any CPU.Build.0 = Debug|Any CPU
		{C7683878-F5A5-4875-BA38-125D326EEDAF}.Release|Any CPU.ActiveCfg = Release|Any CPU
		{C7683878-F5A5-4875-BA38-125D326EEDAF}.Release|Any CPU.Build.0 = Release|Any CPU
		{C02F8C3E-DC36-47B3-988F-035ED3EB2746}.Debug|Any CPU.ActiveCfg = Debug|Any CPU
		{C02F8C3E-DC36-47B3-988F-035ED3EB2746}.Debug|Any CPU.Build.0 = Debug|Any CPU
		{C02F8C3E-DC36-47B3-988F-035ED3EB2746}.Release|Any CPU.ActiveCfg = Release|Any CPU
		{C02F8C3E-DC36-47B3-988F-035ED3EB2746}.Release|Any CPU.Build.0 = Release|Any CPU
		{0677B60E-D9C4-4BA6-9AB7-C0F583DC74A6}.Debug|Any CPU.ActiveCfg = Debug|Any CPU
		{0677B60E-D9C4-4BA6-9AB7-C0F583DC74A6}.Debug|Any CPU.Build.0 = Debug|Any CPU
		{0677B60E-D9C4-4BA6-9AB7-C0F583DC74A6}.Release|Any CPU.ActiveCfg = Release|Any CPU
		{0677B60E-D9C4-4BA6-9AB7-C0F583DC74A6}.Release|Any CPU.Build.0 = Release|Any CPU
		{83849007-9892-47AD-BD8A-FEEBEECAF33A}.Debug|Any CPU.ActiveCfg = Debug|Any CPU
		{83849007-9892-47AD-BD8A-FEEBEECAF33A}.Debug|Any CPU.Build.0 = Debug|Any CPU
		{83849007-9892-47AD-BD8A-FEEBEECAF33A}.Release|Any CPU.ActiveCfg = Release|Any CPU
		{83849007-9892-47AD-BD8A-FEEBEECAF33A}.Release|Any CPU.Build.0 = Release|Any CPU
		{7D62B1E3-4CBE-4BA0-900A-997E00958069}.Debug|Any CPU.ActiveCfg = Debug|Any CPU
		{7D62B1E3-4CBE-4BA0-900A-997E00958069}.Debug|Any CPU.Build.0 = Debug|Any CPU
		{7D62B1E3-4CBE-4BA0-900A-997E00958069}.Release|Any CPU.ActiveCfg = Release|Any CPU
		{7D62B1E3-4CBE-4BA0-900A-997E00958069}.Release|Any CPU.Build.0 = Release|Any CPU
		{DF77262E-EE0F-4F2C-8A70-6E30F70390EE}.Debug|Any CPU.ActiveCfg = Debug|Any CPU
		{DF77262E-EE0F-4F2C-8A70-6E30F70390EE}.Debug|Any CPU.Build.0 = Debug|Any CPU
		{DF77262E-EE0F-4F2C-8A70-6E30F70390EE}.Release|Any CPU.ActiveCfg = Release|Any CPU
		{DF77262E-EE0F-4F2C-8A70-6E30F70390EE}.Release|Any CPU.Build.0 = Release|Any CPU
		{E8096215-4C0E-495F-B5F8-B6364425196A}.Debug|Any CPU.ActiveCfg = Debug|Any CPU
		{E8096215-4C0E-495F-B5F8-B6364425196A}.Debug|Any CPU.Build.0 = Debug|Any CPU
		{E8096215-4C0E-495F-B5F8-B6364425196A}.Release|Any CPU.ActiveCfg = Release|Any CPU
		{E8096215-4C0E-495F-B5F8-B6364425196A}.Release|Any CPU.Build.0 = Release|Any CPU
		{381F9EE3-3D37-49F5-8A47-0D1861BEDC41}.Debug|Any CPU.ActiveCfg = Debug|Any CPU
		{381F9EE3-3D37-49F5-8A47-0D1861BEDC41}.Debug|Any CPU.Build.0 = Debug|Any CPU
		{381F9EE3-3D37-49F5-8A47-0D1861BEDC41}.Release|Any CPU.ActiveCfg = Release|Any CPU
		{381F9EE3-3D37-49F5-8A47-0D1861BEDC41}.Release|Any CPU.Build.0 = Release|Any CPU
		{F01FC2AA-3B13-4594-99B6-D25071D7DA39}.Debug|Any CPU.ActiveCfg = Debug|Any CPU
		{F01FC2AA-3B13-4594-99B6-D25071D7DA39}.Debug|Any CPU.Build.0 = Debug|Any CPU
		{F01FC2AA-3B13-4594-99B6-D25071D7DA39}.Release|Any CPU.ActiveCfg = Release|Any CPU
		{F01FC2AA-3B13-4594-99B6-D25071D7DA39}.Release|Any CPU.Build.0 = Release|Any CPU
		{E5D9981A-2380-456D-A98D-442989C63A07}.Debug|Any CPU.ActiveCfg = Debug|Any CPU
		{E5D9981A-2380-456D-A98D-442989C63A07}.Debug|Any CPU.Build.0 = Debug|Any CPU
		{E5D9981A-2380-456D-A98D-442989C63A07}.Release|Any CPU.ActiveCfg = Release|Any CPU
		{E5D9981A-2380-456D-A98D-442989C63A07}.Release|Any CPU.Build.0 = Release|Any CPU
		{04536585-3DFC-44F1-8E61-88D634378F38}.Debug|Any CPU.ActiveCfg = Debug|Any CPU
		{04536585-3DFC-44F1-8E61-88D634378F38}.Debug|Any CPU.Build.0 = Debug|Any CPU
		{04536585-3DFC-44F1-8E61-88D634378F38}.Release|Any CPU.ActiveCfg = Release|Any CPU
		{04536585-3DFC-44F1-8E61-88D634378F38}.Release|Any CPU.Build.0 = Release|Any CPU
		{204F6468-DB2C-4054-925C-9C6A4EAA66E1}.Debug|Any CPU.ActiveCfg = Debug|Any CPU
		{204F6468-DB2C-4054-925C-9C6A4EAA66E1}.Debug|Any CPU.Build.0 = Debug|Any CPU
		{204F6468-DB2C-4054-925C-9C6A4EAA66E1}.Release|Any CPU.ActiveCfg = Release|Any CPU
		{204F6468-DB2C-4054-925C-9C6A4EAA66E1}.Release|Any CPU.Build.0 = Release|Any CPU
		{564E948D-2DAB-4B16-92DE-45B3AB0A1C5B}.Debug|Any CPU.ActiveCfg = Debug|Any CPU
		{564E948D-2DAB-4B16-92DE-45B3AB0A1C5B}.Debug|Any CPU.Build.0 = Debug|Any CPU
		{564E948D-2DAB-4B16-92DE-45B3AB0A1C5B}.Release|Any CPU.ActiveCfg = Release|Any CPU
		{564E948D-2DAB-4B16-92DE-45B3AB0A1C5B}.Release|Any CPU.Build.0 = Release|Any CPU
		{4A3FF90E-6D76-4D24-9E82-4123C652B7BD}.Debug|Any CPU.ActiveCfg = Debug|Any CPU
		{4A3FF90E-6D76-4D24-9E82-4123C652B7BD}.Debug|Any CPU.Build.0 = Debug|Any CPU
		{4A3FF90E-6D76-4D24-9E82-4123C652B7BD}.Release|Any CPU.ActiveCfg = Release|Any CPU
		{4A3FF90E-6D76-4D24-9E82-4123C652B7BD}.Release|Any CPU.Build.0 = Release|Any CPU
		{C0740AA4-F948-45CA-B5A9-CFA43FE4FD23}.Debug|Any CPU.ActiveCfg = Debug|Any CPU
		{C0740AA4-F948-45CA-B5A9-CFA43FE4FD23}.Debug|Any CPU.Build.0 = Debug|Any CPU
		{C0740AA4-F948-45CA-B5A9-CFA43FE4FD23}.Release|Any CPU.ActiveCfg = Release|Any CPU
		{C0740AA4-F948-45CA-B5A9-CFA43FE4FD23}.Release|Any CPU.Build.0 = Release|Any CPU
		{968BB692-E9A1-4F7C-998B-94B0B61F8218}.Debug|Any CPU.ActiveCfg = Debug|Any CPU
		{968BB692-E9A1-4F7C-998B-94B0B61F8218}.Debug|Any CPU.Build.0 = Debug|Any CPU
		{968BB692-E9A1-4F7C-998B-94B0B61F8218}.Release|Any CPU.ActiveCfg = Release|Any CPU
		{968BB692-E9A1-4F7C-998B-94B0B61F8218}.Release|Any CPU.Build.0 = Release|Any CPU
		{9965447D-0D2A-4978-9C56-F5064C8469EE}.Debug|Any CPU.ActiveCfg = Debug|Any CPU
		{9965447D-0D2A-4978-9C56-F5064C8469EE}.Debug|Any CPU.Build.0 = Debug|Any CPU
		{9965447D-0D2A-4978-9C56-F5064C8469EE}.Release|Any CPU.ActiveCfg = Release|Any CPU
		{9965447D-0D2A-4978-9C56-F5064C8469EE}.Release|Any CPU.Build.0 = Release|Any CPU
		{44AFCAC4-DB3D-44F9-B11C-B7824FD5A595}.Debug|Any CPU.ActiveCfg = Debug|Any CPU
		{44AFCAC4-DB3D-44F9-B11C-B7824FD5A595}.Debug|Any CPU.Build.0 = Debug|Any CPU
		{44AFCAC4-DB3D-44F9-B11C-B7824FD5A595}.Release|Any CPU.ActiveCfg = Release|Any CPU
		{44AFCAC4-DB3D-44F9-B11C-B7824FD5A595}.Release|Any CPU.Build.0 = Release|Any CPU
		{08CE59E2-D1E1-4C68-8FC5-E585B53B2A8F}.Debug|Any CPU.ActiveCfg = Debug|Any CPU
		{08CE59E2-D1E1-4C68-8FC5-E585B53B2A8F}.Debug|Any CPU.Build.0 = Debug|Any CPU
		{08CE59E2-D1E1-4C68-8FC5-E585B53B2A8F}.Release|Any CPU.ActiveCfg = Release|Any CPU
		{08CE59E2-D1E1-4C68-8FC5-E585B53B2A8F}.Release|Any CPU.Build.0 = Release|Any CPU
		{683A3344-852E-473A-A2FA-5B1F56F9FE1C}.Debug|Any CPU.ActiveCfg = Debug|Any CPU
		{683A3344-852E-473A-A2FA-5B1F56F9FE1C}.Debug|Any CPU.Build.0 = Debug|Any CPU
		{683A3344-852E-473A-A2FA-5B1F56F9FE1C}.Release|Any CPU.ActiveCfg = Release|Any CPU
		{683A3344-852E-473A-A2FA-5B1F56F9FE1C}.Release|Any CPU.Build.0 = Release|Any CPU
		{A3C49552-6DB1-46D0-A390-ADD212E7235C}.Debug|Any CPU.ActiveCfg = Debug|Any CPU
		{A3C49552-6DB1-46D0-A390-ADD212E7235C}.Debug|Any CPU.Build.0 = Debug|Any CPU
		{A3C49552-6DB1-46D0-A390-ADD212E7235C}.Release|Any CPU.ActiveCfg = Release|Any CPU
		{A3C49552-6DB1-46D0-A390-ADD212E7235C}.Release|Any CPU.Build.0 = Release|Any CPU
		{1E878DA9-9848-4F9B-8AF6-ED958E2EC7F1}.Debug|Any CPU.ActiveCfg = Debug|Any CPU
		{1E878DA9-9848-4F9B-8AF6-ED958E2EC7F1}.Debug|Any CPU.Build.0 = Debug|Any CPU
		{1E878DA9-9848-4F9B-8AF6-ED958E2EC7F1}.Release|Any CPU.ActiveCfg = Release|Any CPU
		{1E878DA9-9848-4F9B-8AF6-ED958E2EC7F1}.Release|Any CPU.Build.0 = Release|Any CPU
		{18F12C46-AC7B-4E86-9BBE-953EB4BA7BD2}.Debug|Any CPU.ActiveCfg = Debug|Any CPU
		{18F12C46-AC7B-4E86-9BBE-953EB4BA7BD2}.Debug|Any CPU.Build.0 = Debug|Any CPU
		{18F12C46-AC7B-4E86-9BBE-953EB4BA7BD2}.Release|Any CPU.ActiveCfg = Release|Any CPU
		{18F12C46-AC7B-4E86-9BBE-953EB4BA7BD2}.Release|Any CPU.Build.0 = Release|Any CPU
	EndGlobalSection
	GlobalSection(SolutionProperties) = preSolution
		HideSolutionNode = FALSE
	EndGlobalSection
	GlobalSection(NestedProjects) = preSolution
		{ED46FC75-BF87-4F74-B1D6-91C1CF20BC46} = {2212BF93-7EC1-447E-BF78-8C845E257E88}
		{30BEAFED-C063-4A36-AF1D-703AF4ACBE96} = {2212BF93-7EC1-447E-BF78-8C845E257E88}
		{2D883452-0968-462E-BD74-04623A6C3D63} = {2212BF93-7EC1-447E-BF78-8C845E257E88}
		{5D60229B-DEBA-465C-9691-26F2BCC511D6} = {2212BF93-7EC1-447E-BF78-8C845E257E88}
		{C7C7D877-9063-4BD7-A5EC-A7104C424588} = {2212BF93-7EC1-447E-BF78-8C845E257E88}
		{00B0C2D5-6D6E-493F-9582-347135DBC686} = {0124322E-2731-48E8-910C-957E37181628}
		{6F4959D0-21E6-453E-AE29-4D5707A61F95} = {0124322E-2731-48E8-910C-957E37181628}
		{D909D653-8B66-4893-A866-31D9EB6C4BB7} = {0124322E-2731-48E8-910C-957E37181628}
		{A8A3342C-5771-47EC-B094-2B47A37992DB} = {0124322E-2731-48E8-910C-957E37181628}
		{B99CC148-7612-4CDE-9C7C-025C5A6CE041} = {0124322E-2731-48E8-910C-957E37181628}
		{56564034-919C-48D6-9E81-2B82ADF6B13C} = {0124322E-2731-48E8-910C-957E37181628}
		{F36BAB3F-1EDE-4B92-8A20-F54B2F434B67} = {0124322E-2731-48E8-910C-957E37181628}
		{5D0D0F14-CEB6-4990-8607-09C71CF6FA70} = {0124322E-2731-48E8-910C-957E37181628}
		{120ADCD3-EF19-4890-87A1-7767B8820B33} = {0124322E-2731-48E8-910C-957E37181628}
		{D312F58F-CA11-4C8F-89EA-33C4F8806CE4} = {0124322E-2731-48E8-910C-957E37181628}
		{650337D6-B4AF-4202-A914-993C0DE6F618} = {0124322E-2731-48E8-910C-957E37181628}
		{75B9B466-0E2B-462D-AB98-B275649A90A7} = {0124322E-2731-48E8-910C-957E37181628}
		{63067CCE-AB5F-4CDA-AF8B-3334BFEA13AA} = {0124322E-2731-48E8-910C-957E37181628}
		{C7683878-F5A5-4875-BA38-125D326EEDAF} = {0124322E-2731-48E8-910C-957E37181628}
		{C02F8C3E-DC36-47B3-988F-035ED3EB2746} = {0124322E-2731-48E8-910C-957E37181628}
		{0677B60E-D9C4-4BA6-9AB7-C0F583DC74A6} = {0124322E-2731-48E8-910C-957E37181628}
		{83849007-9892-47AD-BD8A-FEEBEECAF33A} = {0124322E-2731-48E8-910C-957E37181628}
		{7D62B1E3-4CBE-4BA0-900A-997E00958069} = {0124322E-2731-48E8-910C-957E37181628}
		{DF77262E-EE0F-4F2C-8A70-6E30F70390EE} = {0124322E-2731-48E8-910C-957E37181628}
		{E8096215-4C0E-495F-B5F8-B6364425196A} = {0124322E-2731-48E8-910C-957E37181628}
		{381F9EE3-3D37-49F5-8A47-0D1861BEDC41} = {0124322E-2731-48E8-910C-957E37181628}
		{F01FC2AA-3B13-4594-99B6-D25071D7DA39} = {0124322E-2731-48E8-910C-957E37181628}
		{E5D9981A-2380-456D-A98D-442989C63A07} = {0124322E-2731-48E8-910C-957E37181628}
		{04536585-3DFC-44F1-8E61-88D634378F38} = {0124322E-2731-48E8-910C-957E37181628}
		{204F6468-DB2C-4054-925C-9C6A4EAA66E1} = {0124322E-2731-48E8-910C-957E37181628}
		{564E948D-2DAB-4B16-92DE-45B3AB0A1C5B} = {0124322E-2731-48E8-910C-957E37181628}
		{4A3FF90E-6D76-4D24-9E82-4123C652B7BD} = {2D001517-CE8E-4902-8C0A-0EA13C134830}
		{C0740AA4-F948-45CA-B5A9-CFA43FE4FD23} = {2D001517-CE8E-4902-8C0A-0EA13C134830}
		{968BB692-E9A1-4F7C-998B-94B0B61F8218} = {2D001517-CE8E-4902-8C0A-0EA13C134830}
		{9965447D-0D2A-4978-9C56-F5064C8469EE} = {2D001517-CE8E-4902-8C0A-0EA13C134830}
		{44AFCAC4-DB3D-44F9-B11C-B7824FD5A595} = {2D001517-CE8E-4902-8C0A-0EA13C134830}
		{08CE59E2-D1E1-4C68-8FC5-E585B53B2A8F} = {2D001517-CE8E-4902-8C0A-0EA13C134830}
		{683A3344-852E-473A-A2FA-5B1F56F9FE1C} = {2D001517-CE8E-4902-8C0A-0EA13C134830}
		{A3C49552-6DB1-46D0-A390-ADD212E7235C} = {2212BF93-7EC1-447E-BF78-8C845E257E88}
		{1E878DA9-9848-4F9B-8AF6-ED958E2EC7F1} = {2212BF93-7EC1-447E-BF78-8C845E257E88}
		{18F12C46-AC7B-4E86-9BBE-953EB4BA7BD2} = {0124322E-2731-48E8-910C-957E37181628}
	EndGlobalSection
	GlobalSection(ExtensibilityGlobals) = postSolution
		SolutionGuid = {4B8D1BEA-EAAA-484D-B00D-1D23226A5A90}
	EndGlobalSection
	GlobalSection(TestCaseManagementSettings) = postSolution
		CategoryFile = Rhetos.vsmdi
	EndGlobalSection
EndGlobal
